// !$*UTF8*$!
{
	archiveVersion = 1;
	classes = {
	};
	objectVersion = 50;
	objects = {

/* Begin PBXBuildFile section */
		8C720E022141094C009177C8 /* AppDelegate.swift in Sources */ = {isa = PBXBuildFile; fileRef = 8C720E012141094C009177C8 /* AppDelegate.swift */; };
		8C720E042141094C009177C8 /* GamesViewController.swift in Sources */ = {isa = PBXBuildFile; fileRef = 8C720E032141094C009177C8 /* GamesViewController.swift */; };
		8C720E062141094D009177C8 /* Assets.xcassets in Resources */ = {isa = PBXBuildFile; fileRef = 8C720E052141094D009177C8 /* Assets.xcassets */; };
		8C720E092141094D009177C8 /* Main.storyboard in Resources */ = {isa = PBXBuildFile; fileRef = 8C720E072141094D009177C8 /* Main.storyboard */; };
		8C720E152141094D009177C8 /* TwitchTests.swift in Sources */ = {isa = PBXBuildFile; fileRef = 8C720E142141094D009177C8 /* TwitchTests.swift */; };
		8C720E202141094D009177C8 /* TwitchUITests.swift in Sources */ = {isa = PBXBuildFile; fileRef = 8C720E1F2141094D009177C8 /* TwitchUITests.swift */; };
		8C720E5221413476009177C8 /* Apollo.framework in Frameworks */ = {isa = PBXBuildFile; fileRef = 8C720E5121413476009177C8 /* Apollo.framework */; };
		8C720E5321413476009177C8 /* Apollo.framework in Embed Frameworks */ = {isa = PBXBuildFile; fileRef = 8C720E5121413476009177C8 /* Apollo.framework */; settings = {ATTRIBUTES = (CodeSignOnCopy, RemoveHeadersOnCopy, ); }; };
		8C720E5521413492009177C8 /* Pantomime.framework in Frameworks */ = {isa = PBXBuildFile; fileRef = 8C720E5421413492009177C8 /* Pantomime.framework */; };
		8C720E5621413492009177C8 /* Pantomime.framework in Embed Frameworks */ = {isa = PBXBuildFile; fileRef = 8C720E5421413492009177C8 /* Pantomime.framework */; settings = {ATTRIBUTES = (CodeSignOnCopy, RemoveHeadersOnCopy, ); }; };
		8C720E59214134AC009177C8 /* Apollo.framework.dSYM in CopyFiles */ = {isa = PBXBuildFile; fileRef = 8C720E57214134AC009177C8 /* Apollo.framework.dSYM */; };
		8C720E5A214134AC009177C8 /* Pantomime.framework.dSYM in CopyFiles */ = {isa = PBXBuildFile; fileRef = 8C720E58214134AC009177C8 /* Pantomime.framework.dSYM */; };
		8C720E5D2141362C009177C8 /* API.swift in Sources */ = {isa = PBXBuildFile; fileRef = 8C720E5C2141362B009177C8 /* API.swift */; };
		8C924FF1214655F2004E0A93 /* GameViewModel.swift in Sources */ = {isa = PBXBuildFile; fileRef = 8C924FF0214655F2004E0A93 /* GameViewModel.swift */; };
		8C924FF42147CAEC004E0A93 /* TwitchWindowController.swift in Sources */ = {isa = PBXBuildFile; fileRef = 8C924FF32147CAEC004E0A93 /* TwitchWindowController.swift */; };
		8C924FF721485409004E0A93 /* TwitchSplitView.swift in Sources */ = {isa = PBXBuildFile; fileRef = 8C924FF621485409004E0A93 /* TwitchSplitView.swift */; };
		8C924FFA214856C5004E0A93 /* MDPSplitView.framework in Frameworks */ = {isa = PBXBuildFile; fileRef = 8C924FF8214856BE004E0A93 /* MDPSplitView.framework */; };
		8C924FFB214856C5004E0A93 /* MDPSplitView.framework in Embed Frameworks */ = {isa = PBXBuildFile; fileRef = 8C924FF8214856BE004E0A93 /* MDPSplitView.framework */; settings = {ATTRIBUTES = (CodeSignOnCopy, RemoveHeadersOnCopy, ); }; };
		8C924FFE214ABCDB004E0A93 /* MenuViewController.swift in Sources */ = {isa = PBXBuildFile; fileRef = 8C924FFD214ABCDB004E0A93 /* MenuViewController.swift */; };
		8C925000214AF0E5004E0A93 /* TwitchSplitViewController.swift in Sources */ = {isa = PBXBuildFile; fileRef = 8C924FFF214AF0E5004E0A93 /* TwitchSplitViewController.swift */; };
		8C9C9533214143CE0078E689 /* Games.graphql in Resources */ = {isa = PBXBuildFile; fileRef = 8C9C9532214143CD0078E689 /* Games.graphql */; };
		8CF969E9214AFB08002D1DA0 /* URITemplate.framework in Frameworks */ = {isa = PBXBuildFile; fileRef = 8CF969E8214AFB08002D1DA0 /* URITemplate.framework */; };
		8CF969EB214B00A8002D1DA0 /* GameCollectionViewItem.xib in Resources */ = {isa = PBXBuildFile; fileRef = 8CF969EA214B00A8002D1DA0 /* GameCollectionViewItem.xib */; };
		8CF969EF214B0140002D1DA0 /* GameCollectionViewItem.swift in Sources */ = {isa = PBXBuildFile; fileRef = 8CF969EE214B0140002D1DA0 /* GameCollectionViewItem.swift */; };
/* End PBXBuildFile section */

/* Begin PBXContainerItemProxy section */
		8C720E112141094D009177C8 /* PBXContainerItemProxy */ = {
			isa = PBXContainerItemProxy;
			containerPortal = 8C720DF62141094C009177C8 /* Project object */;
			proxyType = 1;
			remoteGlobalIDString = 8C720DFD2141094C009177C8;
			remoteInfo = Twitch;
		};
		8C720E1C2141094D009177C8 /* PBXContainerItemProxy */ = {
			isa = PBXContainerItemProxy;
			containerPortal = 8C720DF62141094C009177C8 /* Project object */;
			proxyType = 1;
			remoteGlobalIDString = 8C720DFD2141094C009177C8;
			remoteInfo = Twitch;
		};
/* End PBXContainerItemProxy section */

/* Begin PBXCopyFilesBuildPhase section */
		8C720E3F214111CF009177C8 /* Embed Frameworks */ = {
			isa = PBXCopyFilesBuildPhase;
			buildActionMask = 2147483647;
			dstPath = "";
			dstSubfolderSpec = 10;
			files = (
				8C720E5321413476009177C8 /* Apollo.framework in Embed Frameworks */,
				8C924FFB214856C5004E0A93 /* MDPSplitView.framework in Embed Frameworks */,
				8C720E5621413492009177C8 /* Pantomime.framework in Embed Frameworks */,
			);
			name = "Embed Frameworks";
			runOnlyForDeploymentPostprocessing = 0;
		};
		8C720E4021411211009177C8 /* CopyFiles */ = {
			isa = PBXCopyFilesBuildPhase;
			buildActionMask = 2147483647;
			dstPath = "";
			dstSubfolderSpec = 16;
			files = (
				8C720E59214134AC009177C8 /* Apollo.framework.dSYM in CopyFiles */,
				8C720E5A214134AC009177C8 /* Pantomime.framework.dSYM in CopyFiles */,
			);
			runOnlyForDeploymentPostprocessing = 0;
		};
/* End PBXCopyFilesBuildPhase section */

/* Begin PBXFileReference section */
		8C720DFE2141094C009177C8 /* Twitch.app */ = {isa = PBXFileReference; explicitFileType = wrapper.application; includeInIndex = 0; path = Twitch.app; sourceTree = BUILT_PRODUCTS_DIR; };
		8C720E012141094C009177C8 /* AppDelegate.swift */ = {isa = PBXFileReference; lastKnownFileType = sourcecode.swift; path = AppDelegate.swift; sourceTree = "<group>"; };
		8C720E032141094C009177C8 /* GamesViewController.swift */ = {isa = PBXFileReference; lastKnownFileType = sourcecode.swift; path = GamesViewController.swift; sourceTree = "<group>"; };
		8C720E052141094D009177C8 /* Assets.xcassets */ = {isa = PBXFileReference; lastKnownFileType = folder.assetcatalog; path = Assets.xcassets; sourceTree = "<group>"; };
		8C720E082141094D009177C8 /* Base */ = {isa = PBXFileReference; lastKnownFileType = file.storyboard; name = Base; path = Base.lproj/Main.storyboard; sourceTree = "<group>"; };
		8C720E0A2141094D009177C8 /* Info.plist */ = {isa = PBXFileReference; lastKnownFileType = text.plist.xml; path = Info.plist; sourceTree = "<group>"; };
		8C720E0B2141094D009177C8 /* Twitch.entitlements */ = {isa = PBXFileReference; lastKnownFileType = text.plist.entitlements; path = Twitch.entitlements; sourceTree = "<group>"; };
		8C720E102141094D009177C8 /* TwitchTests.xctest */ = {isa = PBXFileReference; explicitFileType = wrapper.cfbundle; includeInIndex = 0; path = TwitchTests.xctest; sourceTree = BUILT_PRODUCTS_DIR; };
		8C720E142141094D009177C8 /* TwitchTests.swift */ = {isa = PBXFileReference; lastKnownFileType = sourcecode.swift; path = TwitchTests.swift; sourceTree = "<group>"; };
		8C720E162141094D009177C8 /* Info.plist */ = {isa = PBXFileReference; lastKnownFileType = text.plist.xml; path = Info.plist; sourceTree = "<group>"; };
		8C720E1B2141094D009177C8 /* TwitchUITests.xctest */ = {isa = PBXFileReference; explicitFileType = wrapper.cfbundle; includeInIndex = 0; path = TwitchUITests.xctest; sourceTree = BUILT_PRODUCTS_DIR; };
		8C720E1F2141094D009177C8 /* TwitchUITests.swift */ = {isa = PBXFileReference; lastKnownFileType = sourcecode.swift; path = TwitchUITests.swift; sourceTree = "<group>"; };
		8C720E212141094D009177C8 /* Info.plist */ = {isa = PBXFileReference; lastKnownFileType = text.plist.xml; path = Info.plist; sourceTree = "<group>"; };
		8C720E5121413476009177C8 /* Apollo.framework */ = {isa = PBXFileReference; lastKnownFileType = wrapper.framework; name = Apollo.framework; path = Carthage/Build/Mac/Apollo.framework; sourceTree = "<group>"; };
		8C720E5421413492009177C8 /* Pantomime.framework */ = {isa = PBXFileReference; lastKnownFileType = wrapper.framework; name = Pantomime.framework; path = Carthage/Build/Mac/Pantomime.framework; sourceTree = "<group>"; };
		8C720E57214134AC009177C8 /* Apollo.framework.dSYM */ = {isa = PBXFileReference; lastKnownFileType = wrapper.dsym; name = Apollo.framework.dSYM; path = Carthage/Build/Mac/Apollo.framework.dSYM; sourceTree = "<group>"; };
		8C720E58214134AC009177C8 /* Pantomime.framework.dSYM */ = {isa = PBXFileReference; lastKnownFileType = wrapper.dsym; name = Pantomime.framework.dSYM; path = Carthage/Build/Mac/Pantomime.framework.dSYM; sourceTree = "<group>"; };
		8C720E5C2141362B009177C8 /* API.swift */ = {isa = PBXFileReference; fileEncoding = 4; lastKnownFileType = sourcecode.swift; path = API.swift; sourceTree = "<group>"; };
		8C924FF0214655F2004E0A93 /* GameViewModel.swift */ = {isa = PBXFileReference; lastKnownFileType = sourcecode.swift; name = GameViewModel.swift; path = "../New Group/GameViewModel.swift"; sourceTree = "<group>"; };
		8C924FF32147CAEC004E0A93 /* TwitchWindowController.swift */ = {isa = PBXFileReference; lastKnownFileType = sourcecode.swift; path = TwitchWindowController.swift; sourceTree = "<group>"; };
		8C924FF621485409004E0A93 /* TwitchSplitView.swift */ = {isa = PBXFileReference; lastKnownFileType = sourcecode.swift; path = TwitchSplitView.swift; sourceTree = "<group>"; };
		8C924FF8214856BE004E0A93 /* MDPSplitView.framework */ = {isa = PBXFileReference; lastKnownFileType = wrapper.framework; path = MDPSplitView.framework; sourceTree = "<group>"; };
		8C924FFD214ABCDB004E0A93 /* MenuViewController.swift */ = {isa = PBXFileReference; lastKnownFileType = sourcecode.swift; path = MenuViewController.swift; sourceTree = "<group>"; };
		8C924FFF214AF0E5004E0A93 /* TwitchSplitViewController.swift */ = {isa = PBXFileReference; lastKnownFileType = sourcecode.swift; path = TwitchSplitViewController.swift; sourceTree = "<group>"; };
		8C9C9532214143CD0078E689 /* Games.graphql */ = {isa = PBXFileReference; fileEncoding = 4; lastKnownFileType = text; path = Games.graphql; sourceTree = "<group>"; };
		8CF969E8214AFB08002D1DA0 /* URITemplate.framework */ = {isa = PBXFileReference; lastKnownFileType = wrapper.framework; name = URITemplate.framework; path = Carthage/Build/Mac/Static/URITemplate.framework; sourceTree = "<group>"; };
		8CF969EA214B00A8002D1DA0 /* GameCollectionViewItem.xib */ = {isa = PBXFileReference; lastKnownFileType = file.xib; path = GameCollectionViewItem.xib; sourceTree = "<group>"; };
		8CF969EE214B0140002D1DA0 /* GameCollectionViewItem.swift */ = {isa = PBXFileReference; lastKnownFileType = sourcecode.swift; path = GameCollectionViewItem.swift; sourceTree = "<group>"; };
/* End PBXFileReference section */

/* Begin PBXFrameworksBuildPhase section */
		8C720DFB2141094C009177C8 /* Frameworks */ = {
			isa = PBXFrameworksBuildPhase;
			buildActionMask = 2147483647;
			files = (
				8C720E5221413476009177C8 /* Apollo.framework in Frameworks */,
				8CF969E9214AFB08002D1DA0 /* URITemplate.framework in Frameworks */,
				8C924FFA214856C5004E0A93 /* MDPSplitView.framework in Frameworks */,
				8C720E5521413492009177C8 /* Pantomime.framework in Frameworks */,
			);
			runOnlyForDeploymentPostprocessing = 0;
		};
		8C720E0D2141094D009177C8 /* Frameworks */ = {
			isa = PBXFrameworksBuildPhase;
			buildActionMask = 2147483647;
			files = (
			);
			runOnlyForDeploymentPostprocessing = 0;
		};
		8C720E182141094D009177C8 /* Frameworks */ = {
			isa = PBXFrameworksBuildPhase;
			buildActionMask = 2147483647;
			files = (
			);
			runOnlyForDeploymentPostprocessing = 0;
		};
/* End PBXFrameworksBuildPhase section */

/* Begin PBXGroup section */
		8C720DF52141094C009177C8 = {
			isa = PBXGroup;
			children = (
				8C720E57214134AC009177C8 /* Apollo.framework.dSYM */,
				8C720E58214134AC009177C8 /* Pantomime.framework.dSYM */,
				8CF969E8214AFB08002D1DA0 /* URITemplate.framework */,
				8C924FF8214856BE004E0A93 /* MDPSplitView.framework */,
				8C720E5421413492009177C8 /* Pantomime.framework */,
				8C720E5121413476009177C8 /* Apollo.framework */,
				8C720E502141128C009177C8 /* Debugging Symbols */,
				8C720E002141094C009177C8 /* Twitch */,
				8C720E132141094D009177C8 /* TwitchTests */,
				8C720E1E2141094D009177C8 /* TwitchUITests */,
				8C720DFF2141094C009177C8 /* Products */,
			);
			sourceTree = "<group>";
		};
		8C720DFF2141094C009177C8 /* Products */ = {
			isa = PBXGroup;
			children = (
				8C720DFE2141094C009177C8 /* Twitch.app */,
				8C720E102141094D009177C8 /* TwitchTests.xctest */,
				8C720E1B2141094D009177C8 /* TwitchUITests.xctest */,
			);
			name = Products;
			sourceTree = "<group>";
		};
		8C720E002141094C009177C8 /* Twitch */ = {
			isa = PBXGroup;
			children = (
				8CF969ED214B00C6002D1DA0 /* Views */,
				8CF969EC214B00B7002D1DA0 /* ViewModels */,
				8C924FFC214ABCCF004E0A93 /* Controllers */,
				8C924FF5214853A4004E0A93 /* Subclasses */,
				8C924FF22147CACE004E0A93 /* Windows */,
				8C924FEF2145AAB5004E0A93 /* GraphQL */,
				8C720E5C2141362B009177C8 /* API.swift */,
				8C720E012141094C009177C8 /* AppDelegate.swift */,
				8C720E052141094D009177C8 /* Assets.xcassets */,
				8C720E072141094D009177C8 /* Main.storyboard */,
				8C720E0A2141094D009177C8 /* Info.plist */,
				8C720E0B2141094D009177C8 /* Twitch.entitlements */,
			);
			path = Twitch;
			sourceTree = "<group>";
		};
		8C720E132141094D009177C8 /* TwitchTests */ = {
			isa = PBXGroup;
			children = (
				8C720E142141094D009177C8 /* TwitchTests.swift */,
				8C720E162141094D009177C8 /* Info.plist */,
			);
			path = TwitchTests;
			sourceTree = "<group>";
		};
		8C720E1E2141094D009177C8 /* TwitchUITests */ = {
			isa = PBXGroup;
			children = (
				8C720E1F2141094D009177C8 /* TwitchUITests.swift */,
				8C720E212141094D009177C8 /* Info.plist */,
			);
			path = TwitchUITests;
			sourceTree = "<group>";
		};
		8C720E502141128C009177C8 /* Debugging Symbols */ = {
			isa = PBXGroup;
			children = (
			);
			name = "Debugging Symbols";
			sourceTree = "<group>";
		};
		8C924FEF2145AAB5004E0A93 /* GraphQL */ = {
			isa = PBXGroup;
			children = (
				8C9C9532214143CD0078E689 /* Games.graphql */,
			);
			path = GraphQL;
			sourceTree = "<group>";
		};
		8C924FF22147CACE004E0A93 /* Windows */ = {
			isa = PBXGroup;
			children = (
				8C924FF32147CAEC004E0A93 /* TwitchWindowController.swift */,
			);
			path = Windows;
			sourceTree = "<group>";
		};
		8C924FF5214853A4004E0A93 /* Subclasses */ = {
			isa = PBXGroup;
			children = (
				8C924FF621485409004E0A93 /* TwitchSplitView.swift */,
			);
			path = Subclasses;
			sourceTree = "<group>";
		};
		8C924FFC214ABCCF004E0A93 /* Controllers */ = {
			isa = PBXGroup;
			children = (
				8C924FFD214ABCDB004E0A93 /* MenuViewController.swift */,
				8C924FFF214AF0E5004E0A93 /* TwitchSplitViewController.swift */,
				8C720E032141094C009177C8 /* GamesViewController.swift */,
			);
			path = Controllers;
			sourceTree = "<group>";
		};
		8CF969EC214B00B7002D1DA0 /* ViewModels */ = {
			isa = PBXGroup;
			children = (
				8C924FF0214655F2004E0A93 /* GameViewModel.swift */,
			);
			path = ViewModels;
			sourceTree = "<group>";
		};
		8CF969ED214B00C6002D1DA0 /* Views */ = {
			isa = PBXGroup;
			children = (
				8CF969EA214B00A8002D1DA0 /* GameCollectionViewItem.xib */,
				8CF969EE214B0140002D1DA0 /* GameCollectionViewItem.swift */,
			);
			path = Views;
			sourceTree = "<group>";
		};
/* End PBXGroup section */

/* Begin PBXNativeTarget section */
		8C720DFD2141094C009177C8 /* Twitch */ = {
			isa = PBXNativeTarget;
			buildConfigurationList = 8C720E242141094D009177C8 /* Build configuration list for PBXNativeTarget "Twitch" */;
			buildPhases = (
				8C720E5B214135BE009177C8 /* Generate Apollo GraphQL API */,
				8C720DFA2141094C009177C8 /* Sources */,
				8C720DFB2141094C009177C8 /* Frameworks */,
				8C720DFC2141094C009177C8 /* Resources */,
				8C720E3F214111CF009177C8 /* Embed Frameworks */,
				8C720E4021411211009177C8 /* CopyFiles */,
			);
			buildRules = (
			);
			dependencies = (
			);
			name = Twitch;
			productName = Twitch;
			productReference = 8C720DFE2141094C009177C8 /* Twitch.app */;
			productType = "com.apple.product-type.application";
		};
		8C720E0F2141094D009177C8 /* TwitchTests */ = {
			isa = PBXNativeTarget;
			buildConfigurationList = 8C720E272141094D009177C8 /* Build configuration list for PBXNativeTarget "TwitchTests" */;
			buildPhases = (
				8C720E0C2141094D009177C8 /* Sources */,
				8C720E0D2141094D009177C8 /* Frameworks */,
				8C720E0E2141094D009177C8 /* Resources */,
			);
			buildRules = (
			);
			dependencies = (
				8C720E122141094D009177C8 /* PBXTargetDependency */,
			);
			name = TwitchTests;
			productName = TwitchTests;
			productReference = 8C720E102141094D009177C8 /* TwitchTests.xctest */;
			productType = "com.apple.product-type.bundle.unit-test";
		};
		8C720E1A2141094D009177C8 /* TwitchUITests */ = {
			isa = PBXNativeTarget;
			buildConfigurationList = 8C720E2A2141094D009177C8 /* Build configuration list for PBXNativeTarget "TwitchUITests" */;
			buildPhases = (
				8C720E172141094D009177C8 /* Sources */,
				8C720E182141094D009177C8 /* Frameworks */,
				8C720E192141094D009177C8 /* Resources */,
			);
			buildRules = (
			);
			dependencies = (
				8C720E1D2141094D009177C8 /* PBXTargetDependency */,
			);
			name = TwitchUITests;
			productName = TwitchUITests;
			productReference = 8C720E1B2141094D009177C8 /* TwitchUITests.xctest */;
			productType = "com.apple.product-type.bundle.ui-testing";
		};
/* End PBXNativeTarget section */

/* Begin PBXProject section */
		8C720DF62141094C009177C8 /* Project object */ = {
			isa = PBXProject;
			attributes = {
				LastSwiftUpdateCheck = 0940;
				LastUpgradeCheck = 0940;
				ORGANIZATIONNAME = "Adam Holt";
				TargetAttributes = {
					8C720DFD2141094C009177C8 = {
						CreatedOnToolsVersion = 9.4.1;
						SystemCapabilities = {
							com.apple.Sandbox = {
								enabled = 0;
							};
						};
					};
					8C720E0F2141094D009177C8 = {
						CreatedOnToolsVersion = 9.4.1;
						TestTargetID = 8C720DFD2141094C009177C8;
					};
					8C720E1A2141094D009177C8 = {
						CreatedOnToolsVersion = 9.4.1;
						TestTargetID = 8C720DFD2141094C009177C8;
					};
				};
			};
			buildConfigurationList = 8C720DF92141094C009177C8 /* Build configuration list for PBXProject "Twitch" */;
			compatibilityVersion = "Xcode 9.3";
			developmentRegion = en;
			hasScannedForEncodings = 0;
			knownRegions = (
				en,
				Base,
			);
			mainGroup = 8C720DF52141094C009177C8;
			productRefGroup = 8C720DFF2141094C009177C8 /* Products */;
			projectDirPath = "";
			projectRoot = "";
			targets = (
				8C720DFD2141094C009177C8 /* Twitch */,
				8C720E0F2141094D009177C8 /* TwitchTests */,
				8C720E1A2141094D009177C8 /* TwitchUITests */,
			);
		};
/* End PBXProject section */

/* Begin PBXResourcesBuildPhase section */
		8C720DFC2141094C009177C8 /* Resources */ = {
			isa = PBXResourcesBuildPhase;
			buildActionMask = 2147483647;
			files = (
				8C9C9533214143CE0078E689 /* Games.graphql in Resources */,
				8C720E062141094D009177C8 /* Assets.xcassets in Resources */,
				8C720E092141094D009177C8 /* Main.storyboard in Resources */,
				8CF969EB214B00A8002D1DA0 /* GameCollectionViewItem.xib in Resources */,
			);
			runOnlyForDeploymentPostprocessing = 0;
		};
		8C720E0E2141094D009177C8 /* Resources */ = {
			isa = PBXResourcesBuildPhase;
			buildActionMask = 2147483647;
			files = (
			);
			runOnlyForDeploymentPostprocessing = 0;
		};
		8C720E192141094D009177C8 /* Resources */ = {
			isa = PBXResourcesBuildPhase;
			buildActionMask = 2147483647;
			files = (
			);
			runOnlyForDeploymentPostprocessing = 0;
		};
/* End PBXResourcesBuildPhase section */

/* Begin PBXShellScriptBuildPhase section */
		8C720E5B214135BE009177C8 /* Generate Apollo GraphQL API */ = {
			isa = PBXShellScriptBuildPhase;
			buildActionMask = 2147483647;
			files = (
			);
			inputPaths = (
			);
			name = "Generate Apollo GraphQL API";
			outputPaths = (
			);
			runOnlyForDeploymentPostprocessing = 0;
			shellPath = /bin/sh;
			shellScript = "APOLLO_FRAMEWORK_PATH=\"$(eval find $FRAMEWORK_SEARCH_PATHS -name \"Apollo.framework\" -maxdepth 1)\"\n\nif [ -z \"$APOLLO_FRAMEWORK_PATH\" ]; then\necho \"error: Couldn't find Apollo.framework in FRAMEWORK_SEARCH_PATHS; make sure to add the framework to your project.\"\nexit 1\nfi\n\ncd \"${SRCROOT}/${TARGET_NAME}\"\n$APOLLO_FRAMEWORK_PATH/Versions/Current/Resources/check-and-run-apollo-cli.sh codegen:generate --queries=\"$(find . -name '*.graphql')\" --schema=schema.json API.swift";
		};
/* End PBXShellScriptBuildPhase section */

/* Begin PBXSourcesBuildPhase section */
		8C720DFA2141094C009177C8 /* Sources */ = {
			isa = PBXSourcesBuildPhase;
			buildActionMask = 2147483647;
			files = (
				8C925000214AF0E5004E0A93 /* TwitchSplitViewController.swift in Sources */,
				8C924FF1214655F2004E0A93 /* GameViewModel.swift in Sources */,
				8C924FFE214ABCDB004E0A93 /* MenuViewController.swift in Sources */,
				8C720E042141094C009177C8 /* GamesViewController.swift in Sources */,
				8C924FF721485409004E0A93 /* TwitchSplitView.swift in Sources */,
				8C924FF42147CAEC004E0A93 /* TwitchWindowController.swift in Sources */,
				8C720E5D2141362C009177C8 /* API.swift in Sources */,
				8CF969EF214B0140002D1DA0 /* GameCollectionViewItem.swift in Sources */,
				8C720E022141094C009177C8 /* AppDelegate.swift in Sources */,
			);
			runOnlyForDeploymentPostprocessing = 0;
		};
		8C720E0C2141094D009177C8 /* Sources */ = {
			isa = PBXSourcesBuildPhase;
			buildActionMask = 2147483647;
			files = (
				8C720E152141094D009177C8 /* TwitchTests.swift in Sources */,
			);
			runOnlyForDeploymentPostprocessing = 0;
		};
		8C720E172141094D009177C8 /* Sources */ = {
			isa = PBXSourcesBuildPhase;
			buildActionMask = 2147483647;
			files = (
				8C720E202141094D009177C8 /* TwitchUITests.swift in Sources */,
			);
			runOnlyForDeploymentPostprocessing = 0;
		};
/* End PBXSourcesBuildPhase section */

/* Begin PBXTargetDependency section */
		8C720E122141094D009177C8 /* PBXTargetDependency */ = {
			isa = PBXTargetDependency;
			target = 8C720DFD2141094C009177C8 /* Twitch */;
			targetProxy = 8C720E112141094D009177C8 /* PBXContainerItemProxy */;
		};
		8C720E1D2141094D009177C8 /* PBXTargetDependency */ = {
			isa = PBXTargetDependency;
			target = 8C720DFD2141094C009177C8 /* Twitch */;
			targetProxy = 8C720E1C2141094D009177C8 /* PBXContainerItemProxy */;
		};
/* End PBXTargetDependency section */

/* Begin PBXVariantGroup section */
		8C720E072141094D009177C8 /* Main.storyboard */ = {
			isa = PBXVariantGroup;
			children = (
				8C720E082141094D009177C8 /* Base */,
			);
			name = Main.storyboard;
			sourceTree = "<group>";
		};
/* End PBXVariantGroup section */

/* Begin XCBuildConfiguration section */
		8C720E222141094D009177C8 /* Debug */ = {
			isa = XCBuildConfiguration;
			buildSettings = {
				ALWAYS_SEARCH_USER_PATHS = NO;
				CLANG_ANALYZER_NONNULL = YES;
				CLANG_ANALYZER_NUMBER_OBJECT_CONVERSION = YES_AGGRESSIVE;
				CLANG_CXX_LANGUAGE_STANDARD = "gnu++14";
				CLANG_CXX_LIBRARY = "libc++";
				CLANG_ENABLE_MODULES = YES;
				CLANG_ENABLE_OBJC_ARC = YES;
				CLANG_ENABLE_OBJC_WEAK = YES;
				CLANG_WARN_BLOCK_CAPTURE_AUTORELEASING = YES;
				CLANG_WARN_BOOL_CONVERSION = YES;
				CLANG_WARN_COMMA = YES;
				CLANG_WARN_CONSTANT_CONVERSION = YES;
				CLANG_WARN_DEPRECATED_OBJC_IMPLEMENTATIONS = YES;
				CLANG_WARN_DIRECT_OBJC_ISA_USAGE = YES_ERROR;
				CLANG_WARN_DOCUMENTATION_COMMENTS = YES;
				CLANG_WARN_EMPTY_BODY = YES;
				CLANG_WARN_ENUM_CONVERSION = YES;
				CLANG_WARN_INFINITE_RECURSION = YES;
				CLANG_WARN_INT_CONVERSION = YES;
				CLANG_WARN_NON_LITERAL_NULL_CONVERSION = YES;
				CLANG_WARN_OBJC_IMPLICIT_RETAIN_SELF = YES;
				CLANG_WARN_OBJC_LITERAL_CONVERSION = YES;
				CLANG_WARN_OBJC_ROOT_CLASS = YES_ERROR;
				CLANG_WARN_RANGE_LOOP_ANALYSIS = YES;
				CLANG_WARN_STRICT_PROTOTYPES = YES;
				CLANG_WARN_SUSPICIOUS_MOVE = YES;
				CLANG_WARN_UNGUARDED_AVAILABILITY = YES_AGGRESSIVE;
				CLANG_WARN_UNREACHABLE_CODE = YES;
				CLANG_WARN__DUPLICATE_METHOD_MATCH = YES;
				CODE_SIGN_IDENTITY = "Mac Developer";
				COPY_PHASE_STRIP = NO;
				DEBUG_INFORMATION_FORMAT = dwarf;
				ENABLE_STRICT_OBJC_MSGSEND = YES;
				ENABLE_TESTABILITY = YES;
				GCC_C_LANGUAGE_STANDARD = gnu11;
				GCC_DYNAMIC_NO_PIC = NO;
				GCC_NO_COMMON_BLOCKS = YES;
				GCC_OPTIMIZATION_LEVEL = 0;
				GCC_PREPROCESSOR_DEFINITIONS = (
					"DEBUG=1",
					"$(inherited)",
				);
				GCC_WARN_64_TO_32_BIT_CONVERSION = YES;
				GCC_WARN_ABOUT_RETURN_TYPE = YES_ERROR;
				GCC_WARN_UNDECLARED_SELECTOR = YES;
				GCC_WARN_UNINITIALIZED_AUTOS = YES_AGGRESSIVE;
				GCC_WARN_UNUSED_FUNCTION = YES;
				GCC_WARN_UNUSED_VARIABLE = YES;
				MACOSX_DEPLOYMENT_TARGET = 10.13;
				MTL_ENABLE_DEBUG_INFO = YES;
				ONLY_ACTIVE_ARCH = YES;
				SDKROOT = macosx;
				SWIFT_ACTIVE_COMPILATION_CONDITIONS = DEBUG;
				SWIFT_OPTIMIZATION_LEVEL = "-Onone";
			};
			name = Debug;
		};
		8C720E232141094D009177C8 /* Release */ = {
			isa = XCBuildConfiguration;
			buildSettings = {
				ALWAYS_SEARCH_USER_PATHS = NO;
				CLANG_ANALYZER_NONNULL = YES;
				CLANG_ANALYZER_NUMBER_OBJECT_CONVERSION = YES_AGGRESSIVE;
				CLANG_CXX_LANGUAGE_STANDARD = "gnu++14";
				CLANG_CXX_LIBRARY = "libc++";
				CLANG_ENABLE_MODULES = YES;
				CLANG_ENABLE_OBJC_ARC = YES;
				CLANG_ENABLE_OBJC_WEAK = YES;
				CLANG_WARN_BLOCK_CAPTURE_AUTORELEASING = YES;
				CLANG_WARN_BOOL_CONVERSION = YES;
				CLANG_WARN_COMMA = YES;
				CLANG_WARN_CONSTANT_CONVERSION = YES;
				CLANG_WARN_DEPRECATED_OBJC_IMPLEMENTATIONS = YES;
				CLANG_WARN_DIRECT_OBJC_ISA_USAGE = YES_ERROR;
				CLANG_WARN_DOCUMENTATION_COMMENTS = YES;
				CLANG_WARN_EMPTY_BODY = YES;
				CLANG_WARN_ENUM_CONVERSION = YES;
				CLANG_WARN_INFINITE_RECURSION = YES;
				CLANG_WARN_INT_CONVERSION = YES;
				CLANG_WARN_NON_LITERAL_NULL_CONVERSION = YES;
				CLANG_WARN_OBJC_IMPLICIT_RETAIN_SELF = YES;
				CLANG_WARN_OBJC_LITERAL_CONVERSION = YES;
				CLANG_WARN_OBJC_ROOT_CLASS = YES_ERROR;
				CLANG_WARN_RANGE_LOOP_ANALYSIS = YES;
				CLANG_WARN_STRICT_PROTOTYPES = YES;
				CLANG_WARN_SUSPICIOUS_MOVE = YES;
				CLANG_WARN_UNGUARDED_AVAILABILITY = YES_AGGRESSIVE;
				CLANG_WARN_UNREACHABLE_CODE = YES;
				CLANG_WARN__DUPLICATE_METHOD_MATCH = YES;
				CODE_SIGN_IDENTITY = "Mac Developer";
				COPY_PHASE_STRIP = NO;
				DEBUG_INFORMATION_FORMAT = "dwarf-with-dsym";
				ENABLE_NS_ASSERTIONS = NO;
				ENABLE_STRICT_OBJC_MSGSEND = YES;
				GCC_C_LANGUAGE_STANDARD = gnu11;
				GCC_NO_COMMON_BLOCKS = YES;
				GCC_WARN_64_TO_32_BIT_CONVERSION = YES;
				GCC_WARN_ABOUT_RETURN_TYPE = YES_ERROR;
				GCC_WARN_UNDECLARED_SELECTOR = YES;
				GCC_WARN_UNINITIALIZED_AUTOS = YES_AGGRESSIVE;
				GCC_WARN_UNUSED_FUNCTION = YES;
				GCC_WARN_UNUSED_VARIABLE = YES;
				MACOSX_DEPLOYMENT_TARGET = 10.13;
				MTL_ENABLE_DEBUG_INFO = NO;
				SDKROOT = macosx;
				SWIFT_COMPILATION_MODE = wholemodule;
				SWIFT_OPTIMIZATION_LEVEL = "-O";
			};
			name = Release;
		};
		8C720E252141094D009177C8 /* Debug */ = {
			isa = XCBuildConfiguration;
			buildSettings = {
				ASSETCATALOG_COMPILER_APPICON_NAME = AppIcon;
				CODE_SIGN_STYLE = Automatic;
				COMBINE_HIDPI_IMAGES = YES;
				DEVELOPMENT_TEAM = HD29S69MGL;
				FRAMEWORK_SEARCH_PATHS = (
					"$(inherited)",
					"$(PROJECT_DIR)/Carthage/Build/Mac",
					"$(PROJECT_DIR)",
					"$(PROJECT_DIR)/Carthage/Build/Mac/Static",
				);
				INFOPLIST_FILE = Twitch/Info.plist;
				LD_RUNPATH_SEARCH_PATHS = (
					"$(inherited)",
					"@executable_path/../Frameworks",
				);
				PRODUCT_BUNDLE_IDENTIFIER = com.omgitsads.Twitch;
				PRODUCT_NAME = "$(TARGET_NAME)";
				SWIFT_VERSION = 4.0;
			};
			name = Debug;
		};
		8C720E262141094D009177C8 /* Release */ = {
			isa = XCBuildConfiguration;
			buildSettings = {
				ASSETCATALOG_COMPILER_APPICON_NAME = AppIcon;
				CODE_SIGN_STYLE = Automatic;
				COMBINE_HIDPI_IMAGES = YES;
				DEVELOPMENT_TEAM = HD29S69MGL;
				FRAMEWORK_SEARCH_PATHS = (
					"$(inherited)",
					"$(PROJECT_DIR)/Carthage/Build/Mac",
					"$(PROJECT_DIR)",
					"$(PROJECT_DIR)/Carthage/Build/Mac/Static",
				);
				INFOPLIST_FILE = Twitch/Info.plist;
				LD_RUNPATH_SEARCH_PATHS = (
					"$(inherited)",
					"@executable_path/../Frameworks",
				);
				PRODUCT_BUNDLE_IDENTIFIER = com.omgitsads.Twitch;
				PRODUCT_NAME = "$(TARGET_NAME)";
				SWIFT_VERSION = 4.0;
			};
			name = Release;
		};
		8C720E282141094D009177C8 /* Debug */ = {
			isa = XCBuildConfiguration;
			buildSettings = {
				ALWAYS_EMBED_SWIFT_STANDARD_LIBRARIES = YES;
				BUNDLE_LOADER = "$(TEST_HOST)";
				CODE_SIGN_STYLE = Automatic;
				COMBINE_HIDPI_IMAGES = YES;
				DEVELOPMENT_TEAM = U3Q5XYG4QA;
				INFOPLIST_FILE = TwitchTests/Info.plist;
				LD_RUNPATH_SEARCH_PATHS = (
					"$(inherited)",
					"@executable_path/../Frameworks",
					"@loader_path/../Frameworks",
				);
				PRODUCT_BUNDLE_IDENTIFIER = com.omgitsads.TwitchTests;
				PRODUCT_NAME = "$(TARGET_NAME)";
				SWIFT_VERSION = 4.0;
				TEST_HOST = "$(BUILT_PRODUCTS_DIR)/Twitch.app/Contents/MacOS/Twitch";
			};
			name = Debug;
		};
		8C720E292141094D009177C8 /* Release */ = {
			isa = XCBuildConfiguration;
			buildSettings = {
				ALWAYS_EMBED_SWIFT_STANDARD_LIBRARIES = YES;
				BUNDLE_LOADER = "$(TEST_HOST)";
				CODE_SIGN_STYLE = Automatic;
				COMBINE_HIDPI_IMAGES = YES;
				DEVELOPMENT_TEAM = U3Q5XYG4QA;
				INFOPLIST_FILE = TwitchTests/Info.plist;
				LD_RUNPATH_SEARCH_PATHS = (
					"$(inherited)",
					"@executable_path/../Frameworks",
					"@loader_path/../Frameworks",
				);
				PRODUCT_BUNDLE_IDENTIFIER = com.omgitsads.TwitchTests;
				PRODUCT_NAME = "$(TARGET_NAME)";
				SWIFT_VERSION = 4.0;
				TEST_HOST = "$(BUILT_PRODUCTS_DIR)/Twitch.app/Contents/MacOS/Twitch";
			};
			name = Release;
		};
		8C720E2B2141094D009177C8 /* Debug */ = {
			isa = XCBuildConfiguration;
			buildSettings = {
				ALWAYS_EMBED_SWIFT_STANDARD_LIBRARIES = YES;
				CODE_SIGN_STYLE = Automatic;
				COMBINE_HIDPI_IMAGES = YES;
				DEVELOPMENT_TEAM = U3Q5XYG4QA;
				INFOPLIST_FILE = TwitchUITests/Info.plist;
				LD_RUNPATH_SEARCH_PATHS = (
					"$(inherited)",
					"@executable_path/../Frameworks",
					"@loader_path/../Frameworks",
				);
				PRODUCT_BUNDLE_IDENTIFIER = com.omgitsads.TwitchUITests;
				PRODUCT_NAME = "$(TARGET_NAME)";
				SWIFT_VERSION = 4.0;
				TEST_TARGET_NAME = Twitch;
			};
			name = Debug;
		};
		8C720E2C2141094D009177C8 /* Release */ = {
			isa = XCBuildConfiguration;
			buildSettings = {
				ALWAYS_EMBED_SWIFT_STANDARD_LIBRARIES = YES;
				CODE_SIGN_STYLE = Automatic;
				COMBINE_HIDPI_IMAGES = YES;
				DEVELOPMENT_TEAM = U3Q5XYG4QA;
				INFOPLIST_FILE = TwitchUITests/Info.plist;
				LD_RUNPATH_SEARCH_PATHS = (
					"$(inherited)",
					"@executable_path/../Frameworks",
					"@loader_path/../Frameworks",
				);
				PRODUCT_BUNDLE_IDENTIFIER = com.omgitsads.TwitchUITests;
				PRODUCT_NAME = "$(TARGET_NAME)";
				SWIFT_VERSION = 4.0;
				TEST_TARGET_NAME = Twitch;
			};
			name = Release;
		};
/* End XCBuildConfiguration section */

/* Begin XCConfigurationList section */
		8C720DF92141094C009177C8 /* Build configuration list for PBXProject "Twitch" */ = {
			isa = XCConfigurationList;
			buildConfigurations = (
				8C720E222141094D009177C8 /* Debug */,
				8C720E232141094D009177C8 /* Release */,
			);
			defaultConfigurationIsVisible = 0;
			defaultConfigurationName = Release;
		};
		8C720E242141094D009177C8 /* Build configuration list for PBXNativeTarget "Twitch" */ = {
			isa = XCConfigurationList;
			buildConfigurations = (
				8C720E252141094D009177C8 /* Debug */,
				8C720E262141094D009177C8 /* Release */,
			);
			defaultConfigurationIsVisible = 0;
			defaultConfigurationName = Release;
		};
		8C720E272141094D009177C8 /* Build configuration list for PBXNativeTarget "TwitchTests" */ = {
			isa = XCConfigurationList;
			buildConfigurations = (
				8C720E282141094D009177C8 /* Debug */,
				8C720E292141094D009177C8 /* Release */,
			);
			defaultConfigurationIsVisible = 0;
			defaultConfigurationName = Release;
		};
		8C720E2A2141094D009177C8 /* Build configuration list for PBXNativeTarget "TwitchUITests" */ = {
			isa = XCConfigurationList;
			buildConfigurations = (
				8C720E2B2141094D009177C8 /* Debug */,
				8C720E2C2141094D009177C8 /* Release */,
			);
			defaultConfigurationIsVisible = 0;
			defaultConfigurationName = Release;
		};
/* End XCConfigurationList section */
	};
	rootObject = 8C720DF62141094C009177C8 /* Project object */;
}
