// !$*UTF8*$!
{
	archiveVersion = 1;
	classes = {
	};
	objectVersion = 46;
	objects = {

/* Begin PBXBuildFile section */
		8C0934F51CC8BFB900051F3B /* CocoaAsyncSocket.framework in Frameworks */ = {isa = PBXBuildFile; fileRef = 8C0934F41CC8BFB900051F3B /* CocoaAsyncSocket.framework */; };
		8C0934F71CC8BFCF00051F3B /* CocoaAsyncSocket.framework.dSYM in CopyFiles */ = {isa = PBXBuildFile; fileRef = 8C0934F61CC8BFCF00051F3B /* CocoaAsyncSocket.framework.dSYM */; settings = {ATTRIBUTES = (CodeSignOnCopy, ); }; };
		8C0934F81CC8C0F900051F3B /* CocoaAsyncSocket.framework in Embed Frameworks */ = {isa = PBXBuildFile; fileRef = 8C0934F41CC8BFB900051F3B /* CocoaAsyncSocket.framework */; settings = {ATTRIBUTES = (CodeSignOnCopy, RemoveHeadersOnCopy, ); }; };
		8C0D14F61CBD81A7001FE82D /* M3U8Parser.swift in Sources */ = {isa = PBXBuildFile; fileRef = 8C0D14F51CBD81A7001FE82D /* M3U8Parser.swift */; };
		8C109A811CB64D7A00C84FED /* OMGNavigationController.swift in Sources */ = {isa = PBXBuildFile; fileRef = 8C109A801CB64D7A00C84FED /* OMGNavigationController.swift */; };
		8C109A831CB64F6300C84FED /* SnapKit.framework in Embed Frameworks */ = {isa = PBXBuildFile; fileRef = 8C109A821CB64F6300C84FED /* SnapKit.framework */; settings = {ATTRIBUTES = (CodeSignOnCopy, RemoveHeadersOnCopy, ); }; };
		8C109A851CB64F8100C84FED /* SnapKit.framework.dSYM in CopyFiles */ = {isa = PBXBuildFile; fileRef = 8C109A841CB64F8100C84FED /* SnapKit.framework.dSYM */; settings = {ATTRIBUTES = (CodeSignOnCopy, ); }; };
		8C109A861CB64F8A00C84FED /* SnapKit.framework in Frameworks */ = {isa = PBXBuildFile; fileRef = 8C109A821CB64F6300C84FED /* SnapKit.framework */; };
		8C109A891CB64FFF00C84FED /* BackButton.swift in Sources */ = {isa = PBXBuildFile; fileRef = 8C109A871CB64FFF00C84FED /* BackButton.swift */; };
		8C109A8A1CB64FFF00C84FED /* TwitchStyleKit.swift in Sources */ = {isa = PBXBuildFile; fileRef = 8C109A881CB64FFF00C84FED /* TwitchStyleKit.swift */; };
		8C109A8C1CB6598100C84FED /* TwitchWindow.xib in Resources */ = {isa = PBXBuildFile; fileRef = 8C109A8B1CB6598100C84FED /* TwitchWindow.xib */; };
		8C109A901CB664B100C84FED /* MainMenu.xib in Resources */ = {isa = PBXBuildFile; fileRef = 8C109A8F1CB664B100C84FED /* MainMenu.xib */; };
		8C109A921CB6684200C84FED /* GamesCollectionView.xib in Resources */ = {isa = PBXBuildFile; fileRef = 8C109A911CB6684200C84FED /* GamesCollectionView.xib */; };
		8C4DAA9C1CBAEF9500D1FCC2 /* StreamsCollectionViewController.swift in Sources */ = {isa = PBXBuildFile; fileRef = 8C4DAA9B1CBAEF9500D1FCC2 /* StreamsCollectionViewController.swift */; };
		8C4DAA9E1CBAF0BB00D1FCC2 /* Stream.swift in Sources */ = {isa = PBXBuildFile; fileRef = 8C4DAA9D1CBAF0BB00D1FCC2 /* Stream.swift */; };
		8C4DAAA01CBAF6FD00D1FCC2 /* StreamViewItem.swift in Sources */ = {isa = PBXBuildFile; fileRef = 8C4DAA9F1CBAF6FD00D1FCC2 /* StreamViewItem.swift */; };
		8C4DAAA21CBAF91D00D1FCC2 /* StreamViewItem.xib in Resources */ = {isa = PBXBuildFile; fileRef = 8C4DAAA11CBAF91D00D1FCC2 /* StreamViewItem.xib */; };
		8C4DAAA41CBAF99A00D1FCC2 /* StreamsCollectionView.xib in Resources */ = {isa = PBXBuildFile; fileRef = 8C4DAAA31CBAF99A00D1FCC2 /* StreamsCollectionView.xib */; };
		8C4DAAA61CBC29F300D1FCC2 /* Constants.swift in Sources */ = {isa = PBXBuildFile; fileRef = 8C4DAAA51CBC29F300D1FCC2 /* Constants.swift */; };
		8C5A48571CC1232800D79E41 /* StreamViewController.swift in Sources */ = {isa = PBXBuildFile; fileRef = 8C5A48551CC1232800D79E41 /* StreamViewController.swift */; };
		8C5A48581CC1232800D79E41 /* StreamViewController.xib in Resources */ = {isa = PBXBuildFile; fileRef = 8C5A48561CC1232800D79E41 /* StreamViewController.xib */; };
		8C5A485A1CC16CE900D79E41 /* StreamPanelItem.xib in Resources */ = {isa = PBXBuildFile; fileRef = 8C5A48591CC16CE900D79E41 /* StreamPanelItem.xib */; };
		8C5A485C1CC16E0F00D79E41 /* StreamHeaderView.xib in Resources */ = {isa = PBXBuildFile; fileRef = 8C5A485B1CC16E0F00D79E41 /* StreamHeaderView.xib */; };
		8C5A485E1CC172BB00D79E41 /* AVKit.framework in Frameworks */ = {isa = PBXBuildFile; fileRef = 8C5A485D1CC172BB00D79E41 /* AVKit.framework */; };
		8C5A48601CC173C400D79E41 /* AVFoundation.framework in Frameworks */ = {isa = PBXBuildFile; fileRef = 8C5A485F1CC173C400D79E41 /* AVFoundation.framework */; };
		8C5C66A21CA54A1700E4F168 /* Alamofire.framework in Frameworks */ = {isa = PBXBuildFile; fileRef = 8C5C669B1CA54A1700E4F168 /* Alamofire.framework */; };
		8C5C66A31CA54A1700E4F168 /* Alamofire.framework in Embed Frameworks */ = {isa = PBXBuildFile; fileRef = 8C5C669B1CA54A1700E4F168 /* Alamofire.framework */; settings = {ATTRIBUTES = (CodeSignOnCopy, RemoveHeadersOnCopy, ); }; };
		8C5C66A41CA54A1700E4F168 /* MDPSplitView.framework in Frameworks */ = {isa = PBXBuildFile; fileRef = 8C5C669C1CA54A1700E4F168 /* MDPSplitView.framework */; };
		8C5C66A51CA54A1700E4F168 /* MDPSplitView.framework in Embed Frameworks */ = {isa = PBXBuildFile; fileRef = 8C5C669C1CA54A1700E4F168 /* MDPSplitView.framework */; settings = {ATTRIBUTES = (CodeSignOnCopy, RemoveHeadersOnCopy, ); }; };
		8C5C66A61CA54A1700E4F168 /* Moya.framework in Frameworks */ = {isa = PBXBuildFile; fileRef = 8C5C669D1CA54A1700E4F168 /* Moya.framework */; };
		8C5C66A71CA54A1700E4F168 /* Moya.framework in Embed Frameworks */ = {isa = PBXBuildFile; fileRef = 8C5C669D1CA54A1700E4F168 /* Moya.framework */; settings = {ATTRIBUTES = (CodeSignOnCopy, RemoveHeadersOnCopy, ); }; };
		8C5C66A81CA54A1700E4F168 /* ReactiveCocoa.framework in Frameworks */ = {isa = PBXBuildFile; fileRef = 8C5C669E1CA54A1700E4F168 /* ReactiveCocoa.framework */; };
		8C5C66A91CA54A1700E4F168 /* ReactiveCocoa.framework in Embed Frameworks */ = {isa = PBXBuildFile; fileRef = 8C5C669E1CA54A1700E4F168 /* ReactiveCocoa.framework */; settings = {ATTRIBUTES = (CodeSignOnCopy, RemoveHeadersOnCopy, ); }; };
		8C5C66AA1CA54A1700E4F168 /* ReactiveMoya.framework in Frameworks */ = {isa = PBXBuildFile; fileRef = 8C5C669F1CA54A1700E4F168 /* ReactiveMoya.framework */; };
		8C5C66AB1CA54A1700E4F168 /* ReactiveMoya.framework in Embed Frameworks */ = {isa = PBXBuildFile; fileRef = 8C5C669F1CA54A1700E4F168 /* ReactiveMoya.framework */; settings = {ATTRIBUTES = (CodeSignOnCopy, RemoveHeadersOnCopy, ); }; };
		8C5C66AC1CA54A1700E4F168 /* Result.framework in Frameworks */ = {isa = PBXBuildFile; fileRef = 8C5C66A01CA54A1700E4F168 /* Result.framework */; };
		8C5C66AD1CA54A1700E4F168 /* Result.framework in Embed Frameworks */ = {isa = PBXBuildFile; fileRef = 8C5C66A01CA54A1700E4F168 /* Result.framework */; settings = {ATTRIBUTES = (CodeSignOnCopy, RemoveHeadersOnCopy, ); }; };
		8C5C66AE1CA54A1700E4F168 /* SwiftyJSON.framework in Frameworks */ = {isa = PBXBuildFile; fileRef = 8C5C66A11CA54A1700E4F168 /* SwiftyJSON.framework */; };
		8C5C66AF1CA54A1700E4F168 /* SwiftyJSON.framework in Embed Frameworks */ = {isa = PBXBuildFile; fileRef = 8C5C66A11CA54A1700E4F168 /* SwiftyJSON.framework */; settings = {ATTRIBUTES = (CodeSignOnCopy, RemoveHeadersOnCopy, ); }; };
		8C5C66B71CA54A3100E4F168 /* Alamofire.framework.dSYM in CopyFiles */ = {isa = PBXBuildFile; fileRef = 8C5C66B01CA54A3100E4F168 /* Alamofire.framework.dSYM */; settings = {ATTRIBUTES = (CodeSignOnCopy, ); }; };
		8C5C66B81CA54A3100E4F168 /* MDPSplitView.framework.dSYM in CopyFiles */ = {isa = PBXBuildFile; fileRef = 8C5C66B11CA54A3100E4F168 /* MDPSplitView.framework.dSYM */; settings = {ATTRIBUTES = (CodeSignOnCopy, ); }; };
		8C5C66B91CA54A3100E4F168 /* Moya.framework.dSYM in CopyFiles */ = {isa = PBXBuildFile; fileRef = 8C5C66B21CA54A3100E4F168 /* Moya.framework.dSYM */; settings = {ATTRIBUTES = (CodeSignOnCopy, ); }; };
		8C5C66BA1CA54A3100E4F168 /* ReactiveCocoa.framework.dSYM in CopyFiles */ = {isa = PBXBuildFile; fileRef = 8C5C66B31CA54A3100E4F168 /* ReactiveCocoa.framework.dSYM */; settings = {ATTRIBUTES = (CodeSignOnCopy, ); }; };
		8C5C66BB1CA54A3100E4F168 /* ReactiveMoya.framework.dSYM in CopyFiles */ = {isa = PBXBuildFile; fileRef = 8C5C66B41CA54A3100E4F168 /* ReactiveMoya.framework.dSYM */; settings = {ATTRIBUTES = (CodeSignOnCopy, ); }; };
		8C5C66BC1CA54A3100E4F168 /* Result.framework.dSYM in CopyFiles */ = {isa = PBXBuildFile; fileRef = 8C5C66B51CA54A3100E4F168 /* Result.framework.dSYM */; settings = {ATTRIBUTES = (CodeSignOnCopy, ); }; };
		8C5C66BD1CA54A3100E4F168 /* SwiftyJSON.framework.dSYM in CopyFiles */ = {isa = PBXBuildFile; fileRef = 8C5C66B61CA54A3100E4F168 /* SwiftyJSON.framework.dSYM */; settings = {ATTRIBUTES = (CodeSignOnCopy, ); }; };
		8C5C66C41CA682AE00E4F168 /* JWToolbarAdaptiveSpaceItem.m in Sources */ = {isa = PBXBuildFile; fileRef = 8C5C66C31CA682AE00E4F168 /* JWToolbarAdaptiveSpaceItem.m */; };
		8C5C66CA1CAEF8CB00E4F168 /* GameViewItem.xib in Resources */ = {isa = PBXBuildFile; fileRef = 8C5C66C91CAEF8CB00E4F168 /* GameViewItem.xib */; };
		8C5C66CD1CB2B42700E4F168 /* User.swift in Sources */ = {isa = PBXBuildFile; fileRef = 8C5C66CC1CB2B42700E4F168 /* User.swift */; };
		8C5C66CF1CB2B7DF00E4F168 /* Game.swift in Sources */ = {isa = PBXBuildFile; fileRef = 8C5C66CE1CB2B7DF00E4F168 /* Game.swift */; };
		8C5C66D11CB2BC2D00E4F168 /* ObjectMapper.framework in Frameworks */ = {isa = PBXBuildFile; fileRef = 8C5C66D01CB2BC2D00E4F168 /* ObjectMapper.framework */; };
		8C5C66D21CB2BC2D00E4F168 /* ObjectMapper.framework in Embed Frameworks */ = {isa = PBXBuildFile; fileRef = 8C5C66D01CB2BC2D00E4F168 /* ObjectMapper.framework */; settings = {ATTRIBUTES = (CodeSignOnCopy, RemoveHeadersOnCopy, ); }; };
		8C5C66D41CB2BC3700E4F168 /* ObjectMapper.framework.dSYM in CopyFiles */ = {isa = PBXBuildFile; fileRef = 8C5C66D31CB2BC3700E4F168 /* ObjectMapper.framework.dSYM */; settings = {ATTRIBUTES = (CodeSignOnCopy, ); }; };
		8C5C66D61CB2C99000E4F168 /* GameViewItem.swift in Sources */ = {isa = PBXBuildFile; fileRef = 8C5C66D51CB2C99000E4F168 /* GameViewItem.swift */; };
		8C66C7191C9BF1E9001BEA30 /* MenuBarController.swift in Sources */ = {isa = PBXBuildFile; fileRef = 8C66C7171C9BF1E9001BEA30 /* MenuBarController.swift */; };
		8C66C71C1C9C4B37001BEA30 /* TwitchWindowController.swift in Sources */ = {isa = PBXBuildFile; fileRef = 8C66C71B1C9C4B37001BEA30 /* TwitchWindowController.swift */; };
		8CB965361CE112B400C1ECB5 /* ClosureKit.framework in Embed Frameworks */ = {isa = PBXBuildFile; fileRef = 8CB965351CE112B400C1ECB5 /* ClosureKit.framework */; settings = {ATTRIBUTES = (CodeSignOnCopy, RemoveHeadersOnCopy, ); }; };
		8CB965381CE112BD00C1ECB5 /* ClosureKit.framework.dSYM in CopyFiles */ = {isa = PBXBuildFile; fileRef = 8CB965371CE112BD00C1ECB5 /* ClosureKit.framework.dSYM */; };
		8CD829081CA098B800124CCE /* Network.swift in Sources */ = {isa = PBXBuildFile; fileRef = 8CD829071CA098B800124CCE /* Network.swift */; };
		8CE0BEFD1C9B445500834179 /* AppDelegate.swift in Sources */ = {isa = PBXBuildFile; fileRef = 8CE0BEFC1C9B445500834179 /* AppDelegate.swift */; };
		8CE0BEFF1C9B445500834179 /* GamesCollectionViewController.swift in Sources */ = {isa = PBXBuildFile; fileRef = 8CE0BEFE1C9B445500834179 /* GamesCollectionViewController.swift */; };
		8CE0BF011C9B445500834179 /* Assets.xcassets in Resources */ = {isa = PBXBuildFile; fileRef = 8CE0BF001C9B445500834179 /* Assets.xcassets */; };
		8CE0BF0F1C9B445500834179 /* TwitchTests.swift in Sources */ = {isa = PBXBuildFile; fileRef = 8CE0BF0E1C9B445500834179 /* TwitchTests.swift */; };
		8CE0BF1A1C9B445500834179 /* TwitchUITests.swift in Sources */ = {isa = PBXBuildFile; fileRef = 8CE0BF191C9B445500834179 /* TwitchUITests.swift */; };
		8CE0BF771C9B59AD00834179 /* TwitchAPI.swift in Sources */ = {isa = PBXBuildFile; fileRef = 8CE0BF761C9B59AD00834179 /* TwitchAPI.swift */; };
/* End PBXBuildFile section */

/* Begin PBXContainerItemProxy section */
		8CE0BF0B1C9B445500834179 /* PBXContainerItemProxy */ = {
			isa = PBXContainerItemProxy;
			containerPortal = 8CE0BEF11C9B445500834179 /* Project object */;
			proxyType = 1;
			remoteGlobalIDString = 8CE0BEF81C9B445500834179;
			remoteInfo = Twitch;
		};
		8CE0BF161C9B445500834179 /* PBXContainerItemProxy */ = {
			isa = PBXContainerItemProxy;
			containerPortal = 8CE0BEF11C9B445500834179 /* Project object */;
			proxyType = 1;
			remoteGlobalIDString = 8CE0BEF81C9B445500834179;
			remoteInfo = Twitch;
		};
/* End PBXContainerItemProxy section */

/* Begin PBXCopyFilesBuildPhase section */
		8CE0BF461C9B4A8900834179 /* Embed Frameworks */ = {
			isa = PBXCopyFilesBuildPhase;
			buildActionMask = 2147483647;
			dstPath = "";
			dstSubfolderSpec = 10;
			files = (
				8C0934F81CC8C0F900051F3B /* CocoaAsyncSocket.framework in Embed Frameworks */,
				8C5C66A51CA54A1700E4F168 /* MDPSplitView.framework in Embed Frameworks */,
				8C5C66AB1CA54A1700E4F168 /* ReactiveMoya.framework in Embed Frameworks */,
				8C5C66A71CA54A1700E4F168 /* Moya.framework in Embed Frameworks */,
				8C5C66AD1CA54A1700E4F168 /* Result.framework in Embed Frameworks */,
				8CB965361CE112B400C1ECB5 /* ClosureKit.framework in Embed Frameworks */,
				8C109A831CB64F6300C84FED /* SnapKit.framework in Embed Frameworks */,
				8C5C66AF1CA54A1700E4F168 /* SwiftyJSON.framework in Embed Frameworks */,
				8C5C66A31CA54A1700E4F168 /* Alamofire.framework in Embed Frameworks */,
				8C5C66D21CB2BC2D00E4F168 /* ObjectMapper.framework in Embed Frameworks */,
				8C5C66A91CA54A1700E4F168 /* ReactiveCocoa.framework in Embed Frameworks */,
			);
			name = "Embed Frameworks";
			runOnlyForDeploymentPostprocessing = 0;
		};
		8CE0BF471C9B4AD000834179 /* CopyFiles */ = {
			isa = PBXCopyFilesBuildPhase;
			buildActionMask = 2147483647;
			dstPath = "";
			dstSubfolderSpec = 10;
			files = (
				8C0934F71CC8BFCF00051F3B /* CocoaAsyncSocket.framework.dSYM in CopyFiles */,
				8CB965381CE112BD00C1ECB5 /* ClosureKit.framework.dSYM in CopyFiles */,
				8C5C66B71CA54A3100E4F168 /* Alamofire.framework.dSYM in CopyFiles */,
				8C5C66B81CA54A3100E4F168 /* MDPSplitView.framework.dSYM in CopyFiles */,
				8C5C66D41CB2BC3700E4F168 /* ObjectMapper.framework.dSYM in CopyFiles */,
				8C5C66B91CA54A3100E4F168 /* Moya.framework.dSYM in CopyFiles */,
				8C5C66BA1CA54A3100E4F168 /* ReactiveCocoa.framework.dSYM in CopyFiles */,
				8C109A851CB64F8100C84FED /* SnapKit.framework.dSYM in CopyFiles */,
				8C5C66BB1CA54A3100E4F168 /* ReactiveMoya.framework.dSYM in CopyFiles */,
				8C5C66BC1CA54A3100E4F168 /* Result.framework.dSYM in CopyFiles */,
				8C5C66BD1CA54A3100E4F168 /* SwiftyJSON.framework.dSYM in CopyFiles */,
			);
			runOnlyForDeploymentPostprocessing = 0;
		};
/* End PBXCopyFilesBuildPhase section */

/* Begin PBXFileReference section */
		8C0934F41CC8BFB900051F3B /* CocoaAsyncSocket.framework */ = {isa = PBXFileReference; lastKnownFileType = wrapper.framework; name = CocoaAsyncSocket.framework; path = Carthage/Build/Mac/CocoaAsyncSocket.framework; sourceTree = "<group>"; };
		8C0934F61CC8BFCF00051F3B /* CocoaAsyncSocket.framework.dSYM */ = {isa = PBXFileReference; lastKnownFileType = wrapper.dsym; name = CocoaAsyncSocket.framework.dSYM; path = Carthage/Build/Mac/CocoaAsyncSocket.framework.dSYM; sourceTree = "<group>"; };
		8C0D14F51CBD81A7001FE82D /* M3U8Parser.swift */ = {isa = PBXFileReference; fileEncoding = 4; lastKnownFileType = sourcecode.swift; path = M3U8Parser.swift; sourceTree = "<group>"; };
		8C109A801CB64D7A00C84FED /* OMGNavigationController.swift */ = {isa = PBXFileReference; fileEncoding = 4; lastKnownFileType = sourcecode.swift; path = OMGNavigationController.swift; sourceTree = "<group>"; };
		8C109A821CB64F6300C84FED /* SnapKit.framework */ = {isa = PBXFileReference; lastKnownFileType = wrapper.framework; name = SnapKit.framework; path = Carthage/Build/Mac/SnapKit.framework; sourceTree = "<group>"; };
		8C109A841CB64F8100C84FED /* SnapKit.framework.dSYM */ = {isa = PBXFileReference; lastKnownFileType = wrapper.dsym; name = SnapKit.framework.dSYM; path = Carthage/Build/Mac/SnapKit.framework.dSYM; sourceTree = "<group>"; };
		8C109A871CB64FFF00C84FED /* BackButton.swift */ = {isa = PBXFileReference; fileEncoding = 4; lastKnownFileType = sourcecode.swift; path = BackButton.swift; sourceTree = "<group>"; };
		8C109A881CB64FFF00C84FED /* TwitchStyleKit.swift */ = {isa = PBXFileReference; fileEncoding = 4; lastKnownFileType = sourcecode.swift; path = TwitchStyleKit.swift; sourceTree = "<group>"; };
		8C109A8B1CB6598100C84FED /* TwitchWindow.xib */ = {isa = PBXFileReference; fileEncoding = 4; lastKnownFileType = file.xib; path = TwitchWindow.xib; sourceTree = "<group>"; };
		8C109A8F1CB664B100C84FED /* MainMenu.xib */ = {isa = PBXFileReference; fileEncoding = 4; lastKnownFileType = file.xib; path = MainMenu.xib; sourceTree = "<group>"; };
		8C109A911CB6684200C84FED /* GamesCollectionView.xib */ = {isa = PBXFileReference; fileEncoding = 4; lastKnownFileType = file.xib; name = GamesCollectionView.xib; path = ../GamesCollectionView.xib; sourceTree = "<group>"; };
		8C4DAA9B1CBAEF9500D1FCC2 /* StreamsCollectionViewController.swift */ = {isa = PBXFileReference; fileEncoding = 4; lastKnownFileType = sourcecode.swift; path = StreamsCollectionViewController.swift; sourceTree = "<group>"; };
		8C4DAA9D1CBAF0BB00D1FCC2 /* Stream.swift */ = {isa = PBXFileReference; fileEncoding = 4; lastKnownFileType = sourcecode.swift; path = Stream.swift; sourceTree = "<group>"; };
		8C4DAA9F1CBAF6FD00D1FCC2 /* StreamViewItem.swift */ = {isa = PBXFileReference; fileEncoding = 4; lastKnownFileType = sourcecode.swift; path = StreamViewItem.swift; sourceTree = "<group>"; };
		8C4DAAA11CBAF91D00D1FCC2 /* StreamViewItem.xib */ = {isa = PBXFileReference; fileEncoding = 4; lastKnownFileType = file.xib; path = StreamViewItem.xib; sourceTree = "<group>"; };
		8C4DAAA31CBAF99A00D1FCC2 /* StreamsCollectionView.xib */ = {isa = PBXFileReference; fileEncoding = 4; lastKnownFileType = file.xib; path = StreamsCollectionView.xib; sourceTree = "<group>"; };
		8C4DAAA51CBC29F300D1FCC2 /* Constants.swift */ = {isa = PBXFileReference; fileEncoding = 4; lastKnownFileType = sourcecode.swift; path = Constants.swift; sourceTree = "<group>"; };
		8C5A48551CC1232800D79E41 /* StreamViewController.swift */ = {isa = PBXFileReference; fileEncoding = 4; lastKnownFileType = sourcecode.swift; path = StreamViewController.swift; sourceTree = "<group>"; };
		8C5A48561CC1232800D79E41 /* StreamViewController.xib */ = {isa = PBXFileReference; fileEncoding = 4; lastKnownFileType = file.xib; path = StreamViewController.xib; sourceTree = "<group>"; };
		8C5A48591CC16CE900D79E41 /* StreamPanelItem.xib */ = {isa = PBXFileReference; fileEncoding = 4; lastKnownFileType = file.xib; path = StreamPanelItem.xib; sourceTree = "<group>"; };
		8C5A485B1CC16E0F00D79E41 /* StreamHeaderView.xib */ = {isa = PBXFileReference; fileEncoding = 4; lastKnownFileType = file.xib; path = StreamHeaderView.xib; sourceTree = "<group>"; };
		8C5A485D1CC172BB00D79E41 /* AVKit.framework */ = {isa = PBXFileReference; lastKnownFileType = wrapper.framework; name = AVKit.framework; path = System/Library/Frameworks/AVKit.framework; sourceTree = SDKROOT; };
		8C5A485F1CC173C400D79E41 /* AVFoundation.framework */ = {isa = PBXFileReference; lastKnownFileType = wrapper.framework; name = AVFoundation.framework; path = System/Library/Frameworks/AVFoundation.framework; sourceTree = SDKROOT; };
		8C5C669B1CA54A1700E4F168 /* Alamofire.framework */ = {isa = PBXFileReference; lastKnownFileType = wrapper.framework; name = Alamofire.framework; path = Carthage/Build/Mac/Alamofire.framework; sourceTree = "<group>"; };
		8C5C669C1CA54A1700E4F168 /* MDPSplitView.framework */ = {isa = PBXFileReference; lastKnownFileType = wrapper.framework; name = MDPSplitView.framework; path = Carthage/Build/Mac/MDPSplitView.framework; sourceTree = "<group>"; };
		8C5C669D1CA54A1700E4F168 /* Moya.framework */ = {isa = PBXFileReference; lastKnownFileType = wrapper.framework; name = Moya.framework; path = Carthage/Build/Mac/Moya.framework; sourceTree = "<group>"; };
		8C5C669E1CA54A1700E4F168 /* ReactiveCocoa.framework */ = {isa = PBXFileReference; lastKnownFileType = wrapper.framework; name = ReactiveCocoa.framework; path = Carthage/Build/Mac/ReactiveCocoa.framework; sourceTree = "<group>"; };
		8C5C669F1CA54A1700E4F168 /* ReactiveMoya.framework */ = {isa = PBXFileReference; lastKnownFileType = wrapper.framework; name = ReactiveMoya.framework; path = Carthage/Build/Mac/ReactiveMoya.framework; sourceTree = "<group>"; };
		8C5C66A01CA54A1700E4F168 /* Result.framework */ = {isa = PBXFileReference; lastKnownFileType = wrapper.framework; name = Result.framework; path = Carthage/Build/Mac/Result.framework; sourceTree = "<group>"; };
		8C5C66A11CA54A1700E4F168 /* SwiftyJSON.framework */ = {isa = PBXFileReference; lastKnownFileType = wrapper.framework; name = SwiftyJSON.framework; path = Carthage/Build/Mac/SwiftyJSON.framework; sourceTree = "<group>"; };
		8C5C66B01CA54A3100E4F168 /* Alamofire.framework.dSYM */ = {isa = PBXFileReference; lastKnownFileType = wrapper.dsym; name = Alamofire.framework.dSYM; path = Carthage/Build/Mac/Alamofire.framework.dSYM; sourceTree = "<group>"; };
		8C5C66B11CA54A3100E4F168 /* MDPSplitView.framework.dSYM */ = {isa = PBXFileReference; lastKnownFileType = wrapper.dsym; name = MDPSplitView.framework.dSYM; path = Carthage/Build/Mac/MDPSplitView.framework.dSYM; sourceTree = "<group>"; };
		8C5C66B21CA54A3100E4F168 /* Moya.framework.dSYM */ = {isa = PBXFileReference; lastKnownFileType = wrapper.dsym; name = Moya.framework.dSYM; path = Carthage/Build/Mac/Moya.framework.dSYM; sourceTree = "<group>"; };
		8C5C66B31CA54A3100E4F168 /* ReactiveCocoa.framework.dSYM */ = {isa = PBXFileReference; lastKnownFileType = wrapper.dsym; name = ReactiveCocoa.framework.dSYM; path = Carthage/Build/Mac/ReactiveCocoa.framework.dSYM; sourceTree = "<group>"; };
		8C5C66B41CA54A3100E4F168 /* ReactiveMoya.framework.dSYM */ = {isa = PBXFileReference; lastKnownFileType = wrapper.dsym; name = ReactiveMoya.framework.dSYM; path = Carthage/Build/Mac/ReactiveMoya.framework.dSYM; sourceTree = "<group>"; };
		8C5C66B51CA54A3100E4F168 /* Result.framework.dSYM */ = {isa = PBXFileReference; lastKnownFileType = wrapper.dsym; name = Result.framework.dSYM; path = Carthage/Build/Mac/Result.framework.dSYM; sourceTree = "<group>"; };
		8C5C66B61CA54A3100E4F168 /* SwiftyJSON.framework.dSYM */ = {isa = PBXFileReference; lastKnownFileType = wrapper.dsym; name = SwiftyJSON.framework.dSYM; path = Carthage/Build/Mac/SwiftyJSON.framework.dSYM; sourceTree = "<group>"; };
		8C5C66C21CA682A200E4F168 /* JWToolbarAdaptiveSpaceItem.h */ = {isa = PBXFileReference; lastKnownFileType = sourcecode.c.h; path = JWToolbarAdaptiveSpaceItem.h; sourceTree = "<group>"; };
		8C5C66C31CA682AE00E4F168 /* JWToolbarAdaptiveSpaceItem.m */ = {isa = PBXFileReference; fileEncoding = 4; lastKnownFileType = sourcecode.c.objc; path = JWToolbarAdaptiveSpaceItem.m; sourceTree = "<group>"; };
		8C5C66C91CAEF8CB00E4F168 /* GameViewItem.xib */ = {isa = PBXFileReference; fileEncoding = 4; lastKnownFileType = file.xib; path = GameViewItem.xib; sourceTree = "<group>"; };
		8C5C66CC1CB2B42700E4F168 /* User.swift */ = {isa = PBXFileReference; fileEncoding = 4; lastKnownFileType = sourcecode.swift; path = User.swift; sourceTree = "<group>"; };
		8C5C66CE1CB2B7DF00E4F168 /* Game.swift */ = {isa = PBXFileReference; fileEncoding = 4; lastKnownFileType = sourcecode.swift; path = Game.swift; sourceTree = "<group>"; };
		8C5C66D01CB2BC2D00E4F168 /* ObjectMapper.framework */ = {isa = PBXFileReference; lastKnownFileType = wrapper.framework; name = ObjectMapper.framework; path = Carthage/Build/Mac/ObjectMapper.framework; sourceTree = "<group>"; };
		8C5C66D31CB2BC3700E4F168 /* ObjectMapper.framework.dSYM */ = {isa = PBXFileReference; lastKnownFileType = wrapper.dsym; name = ObjectMapper.framework.dSYM; path = Carthage/Build/Mac/ObjectMapper.framework.dSYM; sourceTree = "<group>"; };
		8C5C66D51CB2C99000E4F168 /* GameViewItem.swift */ = {isa = PBXFileReference; fileEncoding = 4; lastKnownFileType = sourcecode.swift; path = GameViewItem.swift; sourceTree = "<group>"; };
		8C66C7171C9BF1E9001BEA30 /* MenuBarController.swift */ = {isa = PBXFileReference; fileEncoding = 4; lastKnownFileType = sourcecode.swift; path = MenuBarController.swift; sourceTree = "<group>"; };
		8C66C71B1C9C4B37001BEA30 /* TwitchWindowController.swift */ = {isa = PBXFileReference; fileEncoding = 4; lastKnownFileType = sourcecode.swift; path = TwitchWindowController.swift; sourceTree = "<group>"; };
		8CB965351CE112B400C1ECB5 /* ClosureKit.framework */ = {isa = PBXFileReference; lastKnownFileType = wrapper.framework; name = ClosureKit.framework; path = Carthage/Build/Mac/ClosureKit.framework; sourceTree = "<group>"; };
		8CB965371CE112BD00C1ECB5 /* ClosureKit.framework.dSYM */ = {isa = PBXFileReference; lastKnownFileType = wrapper.dsym; name = ClosureKit.framework.dSYM; path = Carthage/Build/Mac/ClosureKit.framework.dSYM; sourceTree = "<group>"; };
		8CD829071CA098B800124CCE /* Network.swift */ = {isa = PBXFileReference; fileEncoding = 4; lastKnownFileType = sourcecode.swift; path = Network.swift; sourceTree = "<group>"; };
		8CE0BEF91C9B445500834179 /* Twitch.app */ = {isa = PBXFileReference; explicitFileType = wrapper.application; includeInIndex = 0; path = Twitch.app; sourceTree = BUILT_PRODUCTS_DIR; };
		8CE0BEFC1C9B445500834179 /* AppDelegate.swift */ = {isa = PBXFileReference; lastKnownFileType = sourcecode.swift; path = AppDelegate.swift; sourceTree = "<group>"; };
		8CE0BEFE1C9B445500834179 /* GamesCollectionViewController.swift */ = {isa = PBXFileReference; lastKnownFileType = sourcecode.swift; path = GamesCollectionViewController.swift; sourceTree = "<group>"; };
		8CE0BF001C9B445500834179 /* Assets.xcassets */ = {isa = PBXFileReference; lastKnownFileType = folder.assetcatalog; path = Assets.xcassets; sourceTree = "<group>"; };
		8CE0BF051C9B445500834179 /* Info.plist */ = {isa = PBXFileReference; lastKnownFileType = text.plist.xml; path = Info.plist; sourceTree = "<group>"; };
		8CE0BF0A1C9B445500834179 /* TwitchTests.xctest */ = {isa = PBXFileReference; explicitFileType = wrapper.cfbundle; includeInIndex = 0; path = TwitchTests.xctest; sourceTree = BUILT_PRODUCTS_DIR; };
		8CE0BF0E1C9B445500834179 /* TwitchTests.swift */ = {isa = PBXFileReference; lastKnownFileType = sourcecode.swift; path = TwitchTests.swift; sourceTree = "<group>"; };
		8CE0BF101C9B445500834179 /* Info.plist */ = {isa = PBXFileReference; lastKnownFileType = text.plist.xml; path = Info.plist; sourceTree = "<group>"; };
		8CE0BF151C9B445500834179 /* TwitchUITests.xctest */ = {isa = PBXFileReference; explicitFileType = wrapper.cfbundle; includeInIndex = 0; path = TwitchUITests.xctest; sourceTree = BUILT_PRODUCTS_DIR; };
		8CE0BF191C9B445500834179 /* TwitchUITests.swift */ = {isa = PBXFileReference; lastKnownFileType = sourcecode.swift; path = TwitchUITests.swift; sourceTree = "<group>"; };
		8CE0BF1B1C9B445500834179 /* Info.plist */ = {isa = PBXFileReference; lastKnownFileType = text.plist.xml; path = Info.plist; sourceTree = "<group>"; };
		8CE0BF521C9B51A100834179 /* Twitch-Bridging-Header.h */ = {isa = PBXFileReference; fileEncoding = 4; lastKnownFileType = sourcecode.c.h; path = "Twitch-Bridging-Header.h"; sourceTree = "<group>"; };
		8CE0BF761C9B59AD00834179 /* TwitchAPI.swift */ = {isa = PBXFileReference; fileEncoding = 4; lastKnownFileType = sourcecode.swift; path = TwitchAPI.swift; sourceTree = "<group>"; };
/* End PBXFileReference section */

/* Begin PBXFrameworksBuildPhase section */
		8CE0BEF61C9B445500834179 /* Frameworks */ = {
			isa = PBXFrameworksBuildPhase;
			buildActionMask = 2147483647;
			files = (
				8C5A48601CC173C400D79E41 /* AVFoundation.framework in Frameworks */,
				8C5A485E1CC172BB00D79E41 /* AVKit.framework in Frameworks */,
				8C5C66A41CA54A1700E4F168 /* MDPSplitView.framework in Frameworks */,
				8C5C66AA1CA54A1700E4F168 /* ReactiveMoya.framework in Frameworks */,
				8C5C66A61CA54A1700E4F168 /* Moya.framework in Frameworks */,
				8C0934F51CC8BFB900051F3B /* CocoaAsyncSocket.framework in Frameworks */,
				8C5C66AC1CA54A1700E4F168 /* Result.framework in Frameworks */,
				8C109A861CB64F8A00C84FED /* SnapKit.framework in Frameworks */,
				8C5C66AE1CA54A1700E4F168 /* SwiftyJSON.framework in Frameworks */,
				8C5C66A21CA54A1700E4F168 /* Alamofire.framework in Frameworks */,
				8C5C66D11CB2BC2D00E4F168 /* ObjectMapper.framework in Frameworks */,
				8C5C66A81CA54A1700E4F168 /* ReactiveCocoa.framework in Frameworks */,
			);
			runOnlyForDeploymentPostprocessing = 0;
		};
		8CE0BF071C9B445500834179 /* Frameworks */ = {
			isa = PBXFrameworksBuildPhase;
			buildActionMask = 2147483647;
			files = (
			);
			runOnlyForDeploymentPostprocessing = 0;
		};
		8CE0BF121C9B445500834179 /* Frameworks */ = {
			isa = PBXFrameworksBuildPhase;
			buildActionMask = 2147483647;
			files = (
			);
			runOnlyForDeploymentPostprocessing = 0;
		};
/* End PBXFrameworksBuildPhase section */

/* Begin PBXGroup section */
		8C109A951CB686E400C84FED /* Nibs */ = {
			isa = PBXGroup;
			children = (
				8C5A48561CC1232800D79E41 /* StreamViewController.xib */,
				8C4DAAA31CBAF99A00D1FCC2 /* StreamsCollectionView.xib */,
				8C4DAAA11CBAF91D00D1FCC2 /* StreamViewItem.xib */,
				8C109A911CB6684200C84FED /* GamesCollectionView.xib */,
				8C5C66C91CAEF8CB00E4F168 /* GameViewItem.xib */,
				8C109A8B1CB6598100C84FED /* TwitchWindow.xib */,
				8C109A8F1CB664B100C84FED /* MainMenu.xib */,
				8C5A48591CC16CE900D79E41 /* StreamPanelItem.xib */,
				8C5A485B1CC16E0F00D79E41 /* StreamHeaderView.xib */,
			);
			name = Nibs;
			sourceTree = "<group>";
		};
		8C109A961CB686F400C84FED /* Controllers */ = {
			isa = PBXGroup;
			children = (
				8CE0BEFE1C9B445500834179 /* GamesCollectionViewController.swift */,
				8C109A801CB64D7A00C84FED /* OMGNavigationController.swift */,
				8C66C7171C9BF1E9001BEA30 /* MenuBarController.swift */,
				8C66C71B1C9C4B37001BEA30 /* TwitchWindowController.swift */,
				8C4DAA9B1CBAEF9500D1FCC2 /* StreamsCollectionViewController.swift */,
				8C5A48551CC1232800D79E41 /* StreamViewController.swift */,
			);
			name = Controllers;
			sourceTree = "<group>";
		};
		8C109A971CB6870500C84FED /* Views */ = {
			isa = PBXGroup;
			children = (
				8C5C66D51CB2C99000E4F168 /* GameViewItem.swift */,
				8C4DAA9F1CBAF6FD00D1FCC2 /* StreamViewItem.swift */,
			);
			name = Views;
			sourceTree = "<group>";
		};
		8C109A981CB6870B00C84FED /* Buttons */ = {
			isa = PBXGroup;
			children = (
				8C109A871CB64FFF00C84FED /* BackButton.swift */,
				8C109A881CB64FFF00C84FED /* TwitchStyleKit.swift */,
			);
			name = Buttons;
			sourceTree = "<group>";
		};
		8C5C66C11CA6828700E4F168 /* JWToolbarAdaptiveSpaceItem */ = {
			isa = PBXGroup;
			children = (
				8C5C66C21CA682A200E4F168 /* JWToolbarAdaptiveSpaceItem.h */,
				8C5C66C31CA682AE00E4F168 /* JWToolbarAdaptiveSpaceItem.m */,
			);
			name = JWToolbarAdaptiveSpaceItem;
			sourceTree = "<group>";
		};
		8C5C66CB1CB2B3FA00E4F168 /* Models */ = {
			isa = PBXGroup;
			children = (
				8C5C66CC1CB2B42700E4F168 /* User.swift */,
				8C5C66CE1CB2B7DF00E4F168 /* Game.swift */,
				8C4DAA9D1CBAF0BB00D1FCC2 /* Stream.swift */,
			);
			name = Models;
			sourceTree = "<group>";
		};
		8CE0BEF01C9B445500834179 = {
			isa = PBXGroup;
			children = (
				8C5C66C11CA6828700E4F168 /* JWToolbarAdaptiveSpaceItem */,
				8CE0BEFB1C9B445500834179 /* Twitch */,
				8CE0BF0D1C9B445500834179 /* TwitchTests */,
				8CE0BF181C9B445500834179 /* TwitchUITests */,
				8CE0BEFA1C9B445500834179 /* Products */,
				8CE0BF331C9B49E400834179 /* Frameworks */,
			);
			sourceTree = "<group>";
		};
		8CE0BEFA1C9B445500834179 /* Products */ = {
			isa = PBXGroup;
			children = (
				8CE0BEF91C9B445500834179 /* Twitch.app */,
				8CE0BF0A1C9B445500834179 /* TwitchTests.xctest */,
				8CE0BF151C9B445500834179 /* TwitchUITests.xctest */,
			);
			name = Products;
			sourceTree = "<group>";
		};
		8CE0BEFB1C9B445500834179 /* Twitch */ = {
			isa = PBXGroup;
			children = (
				8C0D14F51CBD81A7001FE82D /* M3U8Parser.swift */,
				8C5C66CB1CB2B3FA00E4F168 /* Models */,
				8CE0BF751C9B599F00834179 /* Networking */,
				8CE0BEFC1C9B445500834179 /* AppDelegate.swift */,
				8C109A971CB6870500C84FED /* Views */,
				8C109A981CB6870B00C84FED /* Buttons */,
				8CE0BF001C9B445500834179 /* Assets.xcassets */,
				8CE0BF051C9B445500834179 /* Info.plist */,
				8CE0BF521C9B51A100834179 /* Twitch-Bridging-Header.h */,
				8C109A961CB686F400C84FED /* Controllers */,
				8C109A951CB686E400C84FED /* Nibs */,
				8C4DAAA51CBC29F300D1FCC2 /* Constants.swift */,
			);
			path = Twitch;
			sourceTree = "<group>";
		};
		8CE0BF0D1C9B445500834179 /* TwitchTests */ = {
			isa = PBXGroup;
			children = (
				8CE0BF0E1C9B445500834179 /* TwitchTests.swift */,
				8CE0BF101C9B445500834179 /* Info.plist */,
			);
			path = TwitchTests;
			sourceTree = "<group>";
		};
		8CE0BF181C9B445500834179 /* TwitchUITests */ = {
			isa = PBXGroup;
			children = (
				8CE0BF191C9B445500834179 /* TwitchUITests.swift */,
				8CE0BF1B1C9B445500834179 /* Info.plist */,
			);
			path = TwitchUITests;
			sourceTree = "<group>";
		};
		8CE0BF331C9B49E400834179 /* Frameworks */ = {
			isa = PBXGroup;
			children = (
				8CB965371CE112BD00C1ECB5 /* ClosureKit.framework.dSYM */,
				8CB965351CE112B400C1ECB5 /* ClosureKit.framework */,
				8C0934F61CC8BFCF00051F3B /* CocoaAsyncSocket.framework.dSYM */,
				8C0934F41CC8BFB900051F3B /* CocoaAsyncSocket.framework */,
				8C5A485F1CC173C400D79E41 /* AVFoundation.framework */,
				8C5A485D1CC172BB00D79E41 /* AVKit.framework */,
				8C109A841CB64F8100C84FED /* SnapKit.framework.dSYM */,
				8C109A821CB64F6300C84FED /* SnapKit.framework */,
				8C5C66D31CB2BC3700E4F168 /* ObjectMapper.framework.dSYM */,
				8C5C66D01CB2BC2D00E4F168 /* ObjectMapper.framework */,
				8C5C66B01CA54A3100E4F168 /* Alamofire.framework.dSYM */,
				8C5C66B11CA54A3100E4F168 /* MDPSplitView.framework.dSYM */,
				8C5C66B21CA54A3100E4F168 /* Moya.framework.dSYM */,
				8C5C66B31CA54A3100E4F168 /* ReactiveCocoa.framework.dSYM */,
				8C5C66B41CA54A3100E4F168 /* ReactiveMoya.framework.dSYM */,
				8C5C66B51CA54A3100E4F168 /* Result.framework.dSYM */,
				8C5C66B61CA54A3100E4F168 /* SwiftyJSON.framework.dSYM */,
				8C5C669B1CA54A1700E4F168 /* Alamofire.framework */,
				8C5C669C1CA54A1700E4F168 /* MDPSplitView.framework */,
				8C5C669D1CA54A1700E4F168 /* Moya.framework */,
				8C5C669E1CA54A1700E4F168 /* ReactiveCocoa.framework */,
				8C5C669F1CA54A1700E4F168 /* ReactiveMoya.framework */,
				8C5C66A01CA54A1700E4F168 /* Result.framework */,
				8C5C66A11CA54A1700E4F168 /* SwiftyJSON.framework */,
			);
			name = Frameworks;
			sourceTree = "<group>";
		};
		8CE0BF751C9B599F00834179 /* Networking */ = {
			isa = PBXGroup;
			children = (
				8CE0BF761C9B59AD00834179 /* TwitchAPI.swift */,
				8CD829071CA098B800124CCE /* Network.swift */,
			);
			name = Networking;
			sourceTree = "<group>";
		};
/* End PBXGroup section */

/* Begin PBXNativeTarget section */
		8CE0BEF81C9B445500834179 /* Twitch */ = {
			isa = PBXNativeTarget;
			buildConfigurationList = 8CE0BF1E1C9B445500834179 /* Build configuration list for PBXNativeTarget "Twitch" */;
			buildPhases = (
				8CE0BEF51C9B445500834179 /* Sources */,
				8CE0BEF61C9B445500834179 /* Frameworks */,
				8CE0BEF71C9B445500834179 /* Resources */,
				8CE0BF461C9B4A8900834179 /* Embed Frameworks */,
				8CE0BF471C9B4AD000834179 /* CopyFiles */,
			);
			buildRules = (
			);
			dependencies = (
			);
			name = Twitch;
			productName = Twitch;
			productReference = 8CE0BEF91C9B445500834179 /* Twitch.app */;
			productType = "com.apple.product-type.application";
		};
		8CE0BF091C9B445500834179 /* TwitchTests */ = {
			isa = PBXNativeTarget;
			buildConfigurationList = 8CE0BF211C9B445500834179 /* Build configuration list for PBXNativeTarget "TwitchTests" */;
			buildPhases = (
				8CE0BF061C9B445500834179 /* Sources */,
				8CE0BF071C9B445500834179 /* Frameworks */,
				8CE0BF081C9B445500834179 /* Resources */,
			);
			buildRules = (
			);
			dependencies = (
				8CE0BF0C1C9B445500834179 /* PBXTargetDependency */,
			);
			name = TwitchTests;
			productName = TwitchTests;
			productReference = 8CE0BF0A1C9B445500834179 /* TwitchTests.xctest */;
			productType = "com.apple.product-type.bundle.unit-test";
		};
		8CE0BF141C9B445500834179 /* TwitchUITests */ = {
			isa = PBXNativeTarget;
			buildConfigurationList = 8CE0BF241C9B445500834179 /* Build configuration list for PBXNativeTarget "TwitchUITests" */;
			buildPhases = (
				8CE0BF111C9B445500834179 /* Sources */,
				8CE0BF121C9B445500834179 /* Frameworks */,
				8CE0BF131C9B445500834179 /* Resources */,
			);
			buildRules = (
			);
			dependencies = (
				8CE0BF171C9B445500834179 /* PBXTargetDependency */,
			);
			name = TwitchUITests;
			productName = TwitchUITests;
			productReference = 8CE0BF151C9B445500834179 /* TwitchUITests.xctest */;
			productType = "com.apple.product-type.bundle.ui-testing";
		};
/* End PBXNativeTarget section */

/* Begin PBXProject section */
		8CE0BEF11C9B445500834179 /* Project object */ = {
			isa = PBXProject;
			attributes = {
				LastSwiftUpdateCheck = 0720;
				LastUpgradeCheck = 0720;
				ORGANIZATIONNAME = "Adam Holt";
				TargetAttributes = {
					8CE0BEF81C9B445500834179 = {
						CreatedOnToolsVersion = 7.2.1;
						DevelopmentTeam = HD29S69MGL;
					};
					8CE0BF091C9B445500834179 = {
						CreatedOnToolsVersion = 7.2.1;
						TestTargetID = 8CE0BEF81C9B445500834179;
					};
					8CE0BF141C9B445500834179 = {
						CreatedOnToolsVersion = 7.2.1;
						TestTargetID = 8CE0BEF81C9B445500834179;
					};
				};
			};
			buildConfigurationList = 8CE0BEF41C9B445500834179 /* Build configuration list for PBXProject "Twitch" */;
			compatibilityVersion = "Xcode 3.2";
			developmentRegion = English;
			hasScannedForEncodings = 0;
			knownRegions = (
				en,
				Base,
			);
			mainGroup = 8CE0BEF01C9B445500834179;
			productRefGroup = 8CE0BEFA1C9B445500834179 /* Products */;
			projectDirPath = "";
			projectRoot = "";
			targets = (
				8CE0BEF81C9B445500834179 /* Twitch */,
				8CE0BF091C9B445500834179 /* TwitchTests */,
				8CE0BF141C9B445500834179 /* TwitchUITests */,
			);
		};
/* End PBXProject section */

/* Begin PBXResourcesBuildPhase section */
		8CE0BEF71C9B445500834179 /* Resources */ = {
			isa = PBXResourcesBuildPhase;
			buildActionMask = 2147483647;
			files = (
				8CE0BF011C9B445500834179 /* Assets.xcassets in Resources */,
				8C109A921CB6684200C84FED /* GamesCollectionView.xib in Resources */,
				8C109A8C1CB6598100C84FED /* TwitchWindow.xib in Resources */,
				8C4DAAA41CBAF99A00D1FCC2 /* StreamsCollectionView.xib in Resources */,
				8C5A48581CC1232800D79E41 /* StreamViewController.xib in Resources */,
				8C5A485A1CC16CE900D79E41 /* StreamPanelItem.xib in Resources */,
				8C4DAAA21CBAF91D00D1FCC2 /* StreamViewItem.xib in Resources */,
				8C5C66CA1CAEF8CB00E4F168 /* GameViewItem.xib in Resources */,
				8C109A901CB664B100C84FED /* MainMenu.xib in Resources */,
				8C5A485C1CC16E0F00D79E41 /* StreamHeaderView.xib in Resources */,
			);
			runOnlyForDeploymentPostprocessing = 0;
		};
		8CE0BF081C9B445500834179 /* Resources */ = {
			isa = PBXResourcesBuildPhase;
			buildActionMask = 2147483647;
			files = (
			);
			runOnlyForDeploymentPostprocessing = 0;
		};
		8CE0BF131C9B445500834179 /* Resources */ = {
			isa = PBXResourcesBuildPhase;
			buildActionMask = 2147483647;
			files = (
			);
			runOnlyForDeploymentPostprocessing = 0;
		};
/* End PBXResourcesBuildPhase section */

/* Begin PBXSourcesBuildPhase section */
		8CE0BEF51C9B445500834179 /* Sources */ = {
			isa = PBXSourcesBuildPhase;
			buildActionMask = 2147483647;
			files = (
				8C5C66C41CA682AE00E4F168 /* JWToolbarAdaptiveSpaceItem.m in Sources */,
				8C4DAAA61CBC29F300D1FCC2 /* Constants.swift in Sources */,
				8C5C66CF1CB2B7DF00E4F168 /* Game.swift in Sources */,
				8CD829081CA098B800124CCE /* Network.swift in Sources */,
				8CE0BEFF1C9B445500834179 /* GamesCollectionViewController.swift in Sources */,
				8C4DAA9E1CBAF0BB00D1FCC2 /* Stream.swift in Sources */,
				8C4DAAA01CBAF6FD00D1FCC2 /* StreamViewItem.swift in Sources */,
				8C0D14F61CBD81A7001FE82D /* M3U8Parser.swift in Sources */,
				8C4DAA9C1CBAEF9500D1FCC2 /* StreamsCollectionViewController.swift in Sources */,
				8CE0BF771C9B59AD00834179 /* TwitchAPI.swift in Sources */,
				8C109A811CB64D7A00C84FED /* OMGNavigationController.swift in Sources */,
				8C5C66CD1CB2B42700E4F168 /* User.swift in Sources */,
				8CE0BEFD1C9B445500834179 /* AppDelegate.swift in Sources */,
				8C109A8A1CB64FFF00C84FED /* TwitchStyleKit.swift in Sources */,
				8C109A891CB64FFF00C84FED /* BackButton.swift in Sources */,
				8C66C71C1C9C4B37001BEA30 /* TwitchWindowController.swift in Sources */,
				8C66C7191C9BF1E9001BEA30 /* MenuBarController.swift in Sources */,
				8C5A48571CC1232800D79E41 /* StreamViewController.swift in Sources */,
				8C5C66D61CB2C99000E4F168 /* GameViewItem.swift in Sources */,
			);
			runOnlyForDeploymentPostprocessing = 0;
		};
		8CE0BF061C9B445500834179 /* Sources */ = {
			isa = PBXSourcesBuildPhase;
			buildActionMask = 2147483647;
			files = (
				8CE0BF0F1C9B445500834179 /* TwitchTests.swift in Sources */,
			);
			runOnlyForDeploymentPostprocessing = 0;
		};
		8CE0BF111C9B445500834179 /* Sources */ = {
			isa = PBXSourcesBuildPhase;
			buildActionMask = 2147483647;
			files = (
				8CE0BF1A1C9B445500834179 /* TwitchUITests.swift in Sources */,
			);
			runOnlyForDeploymentPostprocessing = 0;
		};
/* End PBXSourcesBuildPhase section */

/* Begin PBXTargetDependency section */
		8CE0BF0C1C9B445500834179 /* PBXTargetDependency */ = {
			isa = PBXTargetDependency;
			target = 8CE0BEF81C9B445500834179 /* Twitch */;
			targetProxy = 8CE0BF0B1C9B445500834179 /* PBXContainerItemProxy */;
		};
		8CE0BF171C9B445500834179 /* PBXTargetDependency */ = {
			isa = PBXTargetDependency;
			target = 8CE0BEF81C9B445500834179 /* Twitch */;
			targetProxy = 8CE0BF161C9B445500834179 /* PBXContainerItemProxy */;
		};
/* End PBXTargetDependency section */

/* Begin XCBuildConfiguration section */
		8CE0BF1C1C9B445500834179 /* Debug */ = {
			isa = XCBuildConfiguration;
			buildSettings = {
				ALWAYS_SEARCH_USER_PATHS = NO;
				CLANG_CXX_LANGUAGE_STANDARD = "gnu++0x";
				CLANG_CXX_LIBRARY = "libc++";
				CLANG_ENABLE_MODULES = YES;
				CLANG_ENABLE_OBJC_ARC = YES;
				CLANG_WARN_BOOL_CONVERSION = YES;
				CLANG_WARN_CONSTANT_CONVERSION = YES;
				CLANG_WARN_DIRECT_OBJC_ISA_USAGE = YES_ERROR;
				CLANG_WARN_EMPTY_BODY = YES;
				CLANG_WARN_ENUM_CONVERSION = YES;
				CLANG_WARN_INT_CONVERSION = YES;
				CLANG_WARN_OBJC_ROOT_CLASS = YES_ERROR;
				CLANG_WARN_UNREACHABLE_CODE = YES;
				CLANG_WARN__DUPLICATE_METHOD_MATCH = YES;
				CODE_SIGN_IDENTITY = "-";
				COPY_PHASE_STRIP = NO;
				DEBUG_INFORMATION_FORMAT = dwarf;
				ENABLE_STRICT_OBJC_MSGSEND = YES;
				ENABLE_TESTABILITY = YES;
				GCC_C_LANGUAGE_STANDARD = gnu99;
				GCC_DYNAMIC_NO_PIC = NO;
				GCC_NO_COMMON_BLOCKS = YES;
				GCC_OPTIMIZATION_LEVEL = 0;
				GCC_PREPROCESSOR_DEFINITIONS = (
					"DEBUG=1",
					"$(inherited)",
				);
				GCC_WARN_64_TO_32_BIT_CONVERSION = YES;
				GCC_WARN_ABOUT_RETURN_TYPE = YES_ERROR;
				GCC_WARN_UNDECLARED_SELECTOR = YES;
				GCC_WARN_UNINITIALIZED_AUTOS = YES_AGGRESSIVE;
				GCC_WARN_UNUSED_FUNCTION = YES;
				GCC_WARN_UNUSED_VARIABLE = YES;
				MACOSX_DEPLOYMENT_TARGET = 10.11;
				MTL_ENABLE_DEBUG_INFO = YES;
				ONLY_ACTIVE_ARCH = YES;
				SDKROOT = macosx;
				SWIFT_OPTIMIZATION_LEVEL = "-Onone";
			};
			name = Debug;
		};
		8CE0BF1D1C9B445500834179 /* Release */ = {
			isa = XCBuildConfiguration;
			buildSettings = {
				ALWAYS_SEARCH_USER_PATHS = NO;
				CLANG_CXX_LANGUAGE_STANDARD = "gnu++0x";
				CLANG_CXX_LIBRARY = "libc++";
				CLANG_ENABLE_MODULES = YES;
				CLANG_ENABLE_OBJC_ARC = YES;
				CLANG_WARN_BOOL_CONVERSION = YES;
				CLANG_WARN_CONSTANT_CONVERSION = YES;
				CLANG_WARN_DIRECT_OBJC_ISA_USAGE = YES_ERROR;
				CLANG_WARN_EMPTY_BODY = YES;
				CLANG_WARN_ENUM_CONVERSION = YES;
				CLANG_WARN_INT_CONVERSION = YES;
				CLANG_WARN_OBJC_ROOT_CLASS = YES_ERROR;
				CLANG_WARN_UNREACHABLE_CODE = YES;
				CLANG_WARN__DUPLICATE_METHOD_MATCH = YES;
				CODE_SIGN_IDENTITY = "-";
				COPY_PHASE_STRIP = NO;
				DEBUG_INFORMATION_FORMAT = "dwarf-with-dsym";
				ENABLE_NS_ASSERTIONS = NO;
				ENABLE_STRICT_OBJC_MSGSEND = YES;
				GCC_C_LANGUAGE_STANDARD = gnu99;
				GCC_NO_COMMON_BLOCKS = YES;
				GCC_WARN_64_TO_32_BIT_CONVERSION = YES;
				GCC_WARN_ABOUT_RETURN_TYPE = YES_ERROR;
				GCC_WARN_UNDECLARED_SELECTOR = YES;
				GCC_WARN_UNINITIALIZED_AUTOS = YES_AGGRESSIVE;
				GCC_WARN_UNUSED_FUNCTION = YES;
				GCC_WARN_UNUSED_VARIABLE = YES;
				MACOSX_DEPLOYMENT_TARGET = 10.11;
				MTL_ENABLE_DEBUG_INFO = NO;
				SDKROOT = macosx;
			};
			name = Release;
		};
		8CE0BF1F1C9B445500834179 /* Debug */ = {
			isa = XCBuildConfiguration;
			buildSettings = {
				ASSETCATALOG_COMPILER_APPICON_NAME = AppIcon;
				COMBINE_HIDPI_IMAGES = YES;
				FRAMEWORK_SEARCH_PATHS = (
					"$(inherited)",
					"$(PROJECT_DIR)/Carthage/Build/Mac",
					"$(PROJECT_DIR)/Carthage/Build/iOS",
				);
				INFOPLIST_FILE = Twitch/Info.plist;
				LD_RUNPATH_SEARCH_PATHS = "$(inherited) @executable_path/../Frameworks";
				PRODUCT_BUNDLE_IDENTIFIER = OMGITSADS.Twitch;
				PRODUCT_NAME = "$(TARGET_NAME)";
				SWIFT_OBJC_BRIDGING_HEADER = "Twitch/Twitch-Bridging-Header.h";
			};
			name = Debug;
		};
		8CE0BF201C9B445500834179 /* Release */ = {
			isa = XCBuildConfiguration;
			buildSettings = {
				ASSETCATALOG_COMPILER_APPICON_NAME = AppIcon;
				COMBINE_HIDPI_IMAGES = YES;
				FRAMEWORK_SEARCH_PATHS = (
					"$(inherited)",
					"$(PROJECT_DIR)/Carthage/Build/Mac",
					"$(PROJECT_DIR)/Carthage/Build/iOS",
				);
				INFOPLIST_FILE = Twitch/Info.plist;
				LD_RUNPATH_SEARCH_PATHS = "$(inherited) @executable_path/../Frameworks";
				PRODUCT_BUNDLE_IDENTIFIER = OMGITSADS.Twitch;
				PRODUCT_NAME = "$(TARGET_NAME)";
				SWIFT_OBJC_BRIDGING_HEADER = "Twitch/Twitch-Bridging-Header.h";
			};
			name = Release;
		};
		8CE0BF221C9B445500834179 /* Debug */ = {
			isa = XCBuildConfiguration;
			buildSettings = {
				BUNDLE_LOADER = "$(TEST_HOST)";
				COMBINE_HIDPI_IMAGES = YES;
				INFOPLIST_FILE = TwitchTests/Info.plist;
				LD_RUNPATH_SEARCH_PATHS = "$(inherited) @executable_path/../Frameworks @loader_path/../Frameworks";
				PRODUCT_BUNDLE_IDENTIFIER = OMGITSADS.TwitchTests;
				PRODUCT_NAME = "$(TARGET_NAME)";
				TEST_HOST = "$(BUILT_PRODUCTS_DIR)/Twitch.app/Contents/MacOS/Twitch";
			};
			name = Debug;
		};
		8CE0BF231C9B445500834179 /* Release */ = {
			isa = XCBuildConfiguration;
			buildSettings = {
				BUNDLE_LOADER = "$(TEST_HOST)";
				COMBINE_HIDPI_IMAGES = YES;
				INFOPLIST_FILE = TwitchTests/Info.plist;
				LD_RUNPATH_SEARCH_PATHS = "$(inherited) @executable_path/../Frameworks @loader_path/../Frameworks";
				PRODUCT_BUNDLE_IDENTIFIER = OMGITSADS.TwitchTests;
				PRODUCT_NAME = "$(TARGET_NAME)";
				TEST_HOST = "$(BUILT_PRODUCTS_DIR)/Twitch.app/Contents/MacOS/Twitch";
			};
			name = Release;
		};
		8CE0BF251C9B445500834179 /* Debug */ = {
			isa = XCBuildConfiguration;
			buildSettings = {
				COMBINE_HIDPI_IMAGES = YES;
				INFOPLIST_FILE = TwitchUITests/Info.plist;
				LD_RUNPATH_SEARCH_PATHS = "$(inherited) @executable_path/../Frameworks @loader_path/../Frameworks";
				PRODUCT_BUNDLE_IDENTIFIER = OMGITSADS.TwitchUITests;
				PRODUCT_NAME = "$(TARGET_NAME)";
				TEST_TARGET_NAME = Twitch;
				USES_XCTRUNNER = YES;
			};
			name = Debug;
		};
		8CE0BF261C9B445500834179 /* Release */ = {
			isa = XCBuildConfiguration;
			buildSettings = {
				COMBINE_HIDPI_IMAGES = YES;
				INFOPLIST_FILE = TwitchUITests/Info.plist;
				LD_RUNPATH_SEARCH_PATHS = "$(inherited) @executable_path/../Frameworks @loader_path/../Frameworks";
				PRODUCT_BUNDLE_IDENTIFIER = OMGITSADS.TwitchUITests;
				PRODUCT_NAME = "$(TARGET_NAME)";
				TEST_TARGET_NAME = Twitch;
				USES_XCTRUNNER = YES;
			};
			name = Release;
		};
/* End XCBuildConfiguration section */

/* Begin XCConfigurationList section */
		8CE0BEF41C9B445500834179 /* Build configuration list for PBXProject "Twitch" */ = {
			isa = XCConfigurationList;
			buildConfigurations = (
				8CE0BF1C1C9B445500834179 /* Debug */,
				8CE0BF1D1C9B445500834179 /* Release */,
			);
			defaultConfigurationIsVisible = 0;
			defaultConfigurationName = Release;
		};
		8CE0BF1E1C9B445500834179 /* Build configuration list for PBXNativeTarget "Twitch" */ = {
			isa = XCConfigurationList;
			buildConfigurations = (
				8CE0BF1F1C9B445500834179 /* Debug */,
				8CE0BF201C9B445500834179 /* Release */,
			);
			defaultConfigurationIsVisible = 0;
			defaultConfigurationName = Release;
		};
		8CE0BF211C9B445500834179 /* Build configuration list for PBXNativeTarget "TwitchTests" */ = {
			isa = XCConfigurationList;
			buildConfigurations = (
				8CE0BF221C9B445500834179 /* Debug */,
				8CE0BF231C9B445500834179 /* Release */,
			);
			defaultConfigurationIsVisible = 0;
			defaultConfigurationName = Release;
		};
		8CE0BF241C9B445500834179 /* Build configuration list for PBXNativeTarget "TwitchUITests" */ = {
			isa = XCConfigurationList;
			buildConfigurations = (
				8CE0BF251C9B445500834179 /* Debug */,
				8CE0BF261C9B445500834179 /* Release */,
			);
			defaultConfigurationIsVisible = 0;
			defaultConfigurationName = Release;
		};
/* End XCConfigurationList section */
	};
	rootObject = 8CE0BEF11C9B445500834179 /* Project object */;
}
